// !$*UTF8*$!
{
	archiveVersion = 1;
	classes = {
	};
	objectVersion = 77;
	objects = {

/* Begin PBXBuildFile section */
		8D36157C2D53E2810008675E /* StorageServiceProtocol.swift in Sources */ = {isa = PBXBuildFile; fileRef = 8D36157B2D53E2810008675E /* StorageServiceProtocol.swift */; };
		8D36157E2D53E4F40008675E /* RestoreServiceProtocol.swift in Sources */ = {isa = PBXBuildFile; fileRef = 8D36157D2D53E4F40008675E /* RestoreServiceProtocol.swift */; };
		8D3615802D53F9510008675E /* MockResticXPCService.swift in Sources */ = {isa = PBXBuildFile; fileRef = 8D36157F2D53F9510008675E /* MockResticXPCService.swift */; };
		8D3E9FF62D5122C600C21FE0 /* Core.framework in Frameworks */ = {isa = PBXBuildFile; fileRef = 8D3E9FEC2D5122C600C21FE0 /* Core.framework */; };
		8D3EA0012D5122C600C21FE0 /* Core.framework in Frameworks */ = {isa = PBXBuildFile; fileRef = 8D3E9FEC2D5122C600C21FE0 /* Core.framework */; };
		8D3EA0022D5122C600C21FE0 /* Core.framework in Embed Frameworks */ = {isa = PBXBuildFile; fileRef = 8D3E9FEC2D5122C600C21FE0 /* Core.framework */; settings = {ATTRIBUTES = (CodeSignOnCopy, RemoveHeadersOnCopy, ); }; };
		8D3F8D7C2D52464A007E239E /* OSLogger.swift in Sources */ = {isa = PBXBuildFile; fileRef = 8D3F8D7A2D52464A007E239E /* OSLogger.swift */; };
		8D3F8D7D2D52464A007E239E /* OSLogger.h in Headers */ = {isa = PBXBuildFile; fileRef = 8D3F8D792D52464A007E239E /* OSLogger.h */; };
		8D3F8D892D5246A3007E239E /* ProgressTracker.swift in Sources */ = {isa = PBXBuildFile; fileRef = 8D3F8D802D5246A3007E239E /* ProgressTracker.swift */; };
		8D3F8D8A2D5246A3007E239E /* RepositoryCredentials.swift in Sources */ = {isa = PBXBuildFile; fileRef = 8D3F8D822D5246A3007E239E /* RepositoryCredentials.swift */; };
		8D3F8D8B2D5246A3007E239E /* SidebarItem.swift in Sources */ = {isa = PBXBuildFile; fileRef = 8D3F8D862D5246A3007E239E /* SidebarItem.swift */; };
		8D3F8D8C2D5246A3007E239E /* Repository.swift in Sources */ = {isa = PBXBuildFile; fileRef = 8D3F8D812D5246A3007E239E /* Repository.swift */; };
		8D3F8D8D2D5246A3007E239E /* ResticSnapshot.swift in Sources */ = {isa = PBXBuildFile; fileRef = 8D3F8D852D5246A3007E239E /* ResticSnapshot.swift */; };
		8D3F8D8E2D5246A3007E239E /* Snapshot.swift in Sources */ = {isa = PBXBuildFile; fileRef = 8D3F8D872D5246A3007E239E /* Snapshot.swift */; };
		8D3F8D8F2D5246A3007E239E /* RepositoryStatus.swift in Sources */ = {isa = PBXBuildFile; fileRef = 8D3F8D832D5246A3007E239E /* RepositoryStatus.swift */; };
		8D3F8D902D5246A3007E239E /* ProcessError.swift in Sources */ = {isa = PBXBuildFile; fileRef = 8D3F8D7E2D5246A3007E239E /* ProcessError.swift */; };
		8D3F8D912D5246A3007E239E /* ProcessResult.swift in Sources */ = {isa = PBXBuildFile; fileRef = 8D3F8D7F2D5246A3007E239E /* ProcessResult.swift */; };
		8D3F8D922D5246A3007E239E /* ResticError.swift in Sources */ = {isa = PBXBuildFile; fileRef = 8D3F8D842D5246A3007E239E /* ResticError.swift */; };
		8D3F8D9C2D524700007E239E /* LoggerFactory.swift in Sources */ = {isa = PBXBuildFile; fileRef = 8D3F8D942D524700007E239E /* LoggerFactory.swift */; };
		8D3F8D9E2D524700007E239E /* SandboxDiagnostics.swift in Sources */ = {isa = PBXBuildFile; fileRef = 8D3F8D972D524700007E239E /* SandboxDiagnostics.swift */; };
		8D3F8D9F2D524700007E239E /* KeychainService.swift in Sources */ = {isa = PBXBuildFile; fileRef = 8D3F8D932D524700007E239E /* KeychainService.swift */; };
		8D3F8DA02D524700007E239E /* PermissionManager.swift in Sources */ = {isa = PBXBuildFile; fileRef = 8D3F8D952D524700007E239E /* PermissionManager.swift */; };
		8D3F8DA12D524700007E239E /* ResticXPCService.swift in Sources */ = {isa = PBXBuildFile; fileRef = 8D3F8D962D524700007E239E /* ResticXPCService.swift */; };
		8D3F8DA22D524700007E239E /* SecurityService.swift in Sources */ = {isa = PBXBuildFile; fileRef = 8D3F8D992D524700007E239E /* SecurityService.swift */; };
		8D3F8DA32D524700007E239E /* SandboxMonitor.swift in Sources */ = {isa = PBXBuildFile; fileRef = 8D3F8D982D524700007E239E /* SandboxMonitor.swift */; };
		8D3F8DA72D524FC7007E239E /* ResticXPCProtocol.swift in Sources */ = {isa = PBXBuildFile; fileRef = 8D3F8DA62D524FC7007E239E /* ResticXPCProtocol.swift */; };
		8D4142802D52355F00FBF58A /* Core.h in Headers */ = {isa = PBXBuildFile; fileRef = 8D41427B2D52355F00FBF58A /* Core.h */; settings = {ATTRIBUTES = (Public, ); }; };
		8D4142952D52355F00FBF58A /* KeychainError.swift in Sources */ = {isa = PBXBuildFile; fileRef = 8D4142612D52355F00FBF58A /* KeychainError.swift */; };
		8D4142962D52355F00FBF58A /* SecurityError.swift in Sources */ = {isa = PBXBuildFile; fileRef = 8D4142622D52355F00FBF58A /* SecurityError.swift */; };
		8D4142972D52355F00FBF58A /* BackupServiceProtocol.swift in Sources */ = {isa = PBXBuildFile; fileRef = 8D4142642D52355F00FBF58A /* BackupServiceProtocol.swift */; };
		8D4142982D52355F00FBF58A /* DateProviderProtocol.swift in Sources */ = {isa = PBXBuildFile; fileRef = 8D4142652D52355F00FBF58A /* DateProviderProtocol.swift */; };
		8D4142992D52355F00FBF58A /* FileManagerProtocol.swift in Sources */ = {isa = PBXBuildFile; fileRef = 8D4142662D52355F00FBF58A /* FileManagerProtocol.swift */; };
		8D41429A2D52355F00FBF58A /* KeychainCredentialsManagerProtocol.swift in Sources */ = {isa = PBXBuildFile; fileRef = 8D4142672D52355F00FBF58A /* KeychainCredentialsManagerProtocol.swift */; };
		8D41429B2D52355F00FBF58A /* KeychainServiceProtocol.swift in Sources */ = {isa = PBXBuildFile; fileRef = 8D4142682D52355F00FBF58A /* KeychainServiceProtocol.swift */; };
		8D41429D2D52355F00FBF58A /* NotificationCenterProtocol.swift in Sources */ = {isa = PBXBuildFile; fileRef = 8D41426A2D52355F00FBF58A /* NotificationCenterProtocol.swift */; };
		8D41429F2D52355F00FBF58A /* RepositoryCreationServiceProtocol.swift in Sources */ = {isa = PBXBuildFile; fileRef = 8D41426C2D52355F00FBF58A /* RepositoryCreationServiceProtocol.swift */; };
		8D4142A02D52355F00FBF58A /* RepositoryServiceProtocol.swift in Sources */ = {isa = PBXBuildFile; fileRef = 8D41426D2D52355F00FBF58A /* RepositoryServiceProtocol.swift */; };
		8D4142A12D52355F00FBF58A /* RepositoryStorageProtocol.swift in Sources */ = {isa = PBXBuildFile; fileRef = 8D41426E2D52355F00FBF58A /* RepositoryStorageProtocol.swift */; };
		8D4142A22D52355F00FBF58A /* ResticCommandServiceProtocol.swift in Sources */ = {isa = PBXBuildFile; fileRef = 8D41426F2D52355F00FBF58A /* ResticCommandServiceProtocol.swift */; };
		8D4142A32D52355F00FBF58A /* ResticServiceProtocol.swift in Sources */ = {isa = PBXBuildFile; fileRef = 8D4142702D52355F00FBF58A /* ResticServiceProtocol.swift */; };
		8D4142A42D52355F00FBF58A /* ResticXPCServiceProtocol.swift in Sources */ = {isa = PBXBuildFile; fileRef = 8D4142712D52355F00FBF58A /* ResticXPCServiceProtocol.swift */; };
		8D4142A52D52355F00FBF58A /* SecurityServiceProtocol.swift in Sources */ = {isa = PBXBuildFile; fileRef = 8D4142722D52355F00FBF58A /* SecurityServiceProtocol.swift */; };
		8D4142A62D52355F00FBF58A /* MockLogger.swift in Sources */ = {isa = PBXBuildFile; fileRef = 8D4142762D52355F00FBF58A /* MockLogger.swift */; };
		8D4142A72D52355F00FBF58A /* Core.docc in Sources */ = {isa = PBXBuildFile; fileRef = 8D41427C2D52355F00FBF58A /* Core.docc */; };
		8DB709F42D5366C800F71C4B /* ResticXPCServiceTests.swift in Sources */ = {isa = PBXBuildFile; fileRef = 8DB709F32D5366C800F71C4B /* ResticXPCServiceTests.swift */; };
		8DB70A052D53884000F71C4B /* ResticService.xpc in Embed XPC Services */ = {isa = PBXBuildFile; fileRef = 8DB709F92D53884000F71C4B /* ResticService.xpc */; settings = {ATTRIBUTES = (RemoveHeadersOnCopy, ); }; };
		8DB70A0C2D5388D500F71C4B /* Core.framework in Frameworks */ = {isa = PBXBuildFile; fileRef = 8D3E9FEC2D5122C600C21FE0 /* Core.framework */; };
		8DB70A122D538A6A00F71C4B /* XCTest.framework in Frameworks */ = {isa = PBXBuildFile; fileRef = 8DB70A112D538A6A00F71C4B /* XCTest.framework */; };
		8DB70A142D538B8800F71C4B /* Testing.framework in Frameworks */ = {isa = PBXBuildFile; fileRef = 8DB70A132D538B8800F71C4B /* Testing.framework */; };
		8DB70A162D53901D00F71C4B /* ResticXPCError.swift in Sources */ = {isa = PBXBuildFile; fileRef = 8DB70A152D53901500F71C4B /* ResticXPCError.swift */; };
		8DEB6A942D528C5B00DE8CDE /* LoggerProtocol.swift in Sources */ = {isa = PBXBuildFile; fileRef = 8DEB6A932D528C5000DE8CDE /* LoggerProtocol.swift */; };
		8DEB6A962D528DFE00DE8CDE /* SandboxCompliant.swift in Sources */ = {isa = PBXBuildFile; fileRef = 8DEB6A952D528DF800DE8CDE /* SandboxCompliant.swift */; };
		8DEB6A982D528E2800DE8CDE /* LoggingService.swift in Sources */ = {isa = PBXBuildFile; fileRef = 8DEB6A972D528E1F00DE8CDE /* LoggingService.swift */; };
		8DEB6A9C2D528F7500DE8CDE /* SandboxError.swift in Sources */ = {isa = PBXBuildFile; fileRef = 8DEB6A9B2D528F7500DE8CDE /* SandboxError.swift */; };
		8DEB6AA32D5292CF00DE8CDE /* BaseService.swift in Sources */ = {isa = PBXBuildFile; fileRef = 8DEB6AA22D5292CF00DE8CDE /* BaseService.swift */; };
		8DEB6AA52D52930700DE8CDE /* BaseSandboxedService.swift in Sources */ = {isa = PBXBuildFile; fileRef = 8DEB6AA42D52930700DE8CDE /* BaseSandboxedService.swift */; };
		8DEB6AA72D52935F00DE8CDE /* ServiceFactory.swift in Sources */ = {isa = PBXBuildFile; fileRef = 8DEB6AA62D52935F00DE8CDE /* ServiceFactory.swift */; };
		8DEB6AA92D52938700DE8CDE /* DummyXPCService.swift in Sources */ = {isa = PBXBuildFile; fileRef = 8DEB6AA82D52938700DE8CDE /* DummyXPCService.swift */; };
		8DEB6AAB2D52939D00DE8CDE /* ServiceLifecycle.swift in Sources */ = {isa = PBXBuildFile; fileRef = 8DEB6AAA2D52939D00DE8CDE /* ServiceLifecycle.swift */; };
		8DEB6AAD2D5293C800DE8CDE /* ServiceError.swift in Sources */ = {isa = PBXBuildFile; fileRef = 8DEB6AAC2D5293C800DE8CDE /* ServiceError.swift */; };
		8DEB6AAF2D52977F00DE8CDE /* HealthCheckable.swift in Sources */ = {isa = PBXBuildFile; fileRef = 8DEB6AAE2D52977F00DE8CDE /* HealthCheckable.swift */; };
		8DEB6AB12D52AA6C00DE8CDE /* SandboxedService.swift in Sources */ = {isa = PBXBuildFile; fileRef = 8DEB6AB02D52AA6C00DE8CDE /* SandboxedService.swift */; };
		8DEB6AB52D52B66E00DE8CDE /* Measurable.swift in Sources */ = {isa = PBXBuildFile; fileRef = 8DEB6AB42D52B66E00DE8CDE /* Measurable.swift */; };
		8DEB6AB92D52BDA200DE8CDE /* SandboxMonitorProtocol.swift in Sources */ = {isa = PBXBuildFile; fileRef = 8DEB6AB82D52BDA200DE8CDE /* SandboxMonitorProtocol.swift */; };
		8DEB6ABB2D52D60900DE8CDE /* BookmarkServiceProtocol.swift in Sources */ = {isa = PBXBuildFile; fileRef = 8DEB6ABA2D52D60900DE8CDE /* BookmarkServiceProtocol.swift */; };
		8DEB6ABF2D52D8F000DE8CDE /* KeychainCredentials.swift in Sources */ = {isa = PBXBuildFile; fileRef = 8DEB6ABE2D52D8F000DE8CDE /* KeychainCredentials.swift */; };
/* End PBXBuildFile section */

/* Begin PBXContainerItemProxy section */
		8D3E9DEB2D51219900C21FE0 /* PBXContainerItemProxy */ = {
			isa = PBXContainerItemProxy;
			containerPortal = 8D3E9DD12D51219800C21FE0 /* Project object */;
			proxyType = 1;
			remoteGlobalIDString = 8D3E9DD82D51219800C21FE0;
			remoteInfo = rBUM;
		};
		8D3E9DF52D51219900C21FE0 /* PBXContainerItemProxy */ = {
			isa = PBXContainerItemProxy;
			containerPortal = 8D3E9DD12D51219800C21FE0 /* Project object */;
			proxyType = 1;
			remoteGlobalIDString = 8D3E9DD82D51219800C21FE0;
			remoteInfo = rBUM;
		};
		8D3E9FF72D5122C600C21FE0 /* PBXContainerItemProxy */ = {
			isa = PBXContainerItemProxy;
			containerPortal = 8D3E9DD12D51219800C21FE0 /* Project object */;
			proxyType = 1;
			remoteGlobalIDString = 8D3E9FEB2D5122C600C21FE0;
			remoteInfo = Core;
		};
		8D3E9FF92D5122C600C21FE0 /* PBXContainerItemProxy */ = {
			isa = PBXContainerItemProxy;
			containerPortal = 8D3E9DD12D51219800C21FE0 /* Project object */;
			proxyType = 1;
			remoteGlobalIDString = 8D3E9DD82D51219800C21FE0;
			remoteInfo = rBUM;
		};
		8D3E9FFF2D5122C600C21FE0 /* PBXContainerItemProxy */ = {
			isa = PBXContainerItemProxy;
			containerPortal = 8D3E9DD12D51219800C21FE0 /* Project object */;
			proxyType = 1;
			remoteGlobalIDString = 8D3E9FEB2D5122C600C21FE0;
			remoteInfo = Core;
		};
		8DB70A032D53884000F71C4B /* PBXContainerItemProxy */ = {
			isa = PBXContainerItemProxy;
			containerPortal = 8D3E9DD12D51219800C21FE0 /* Project object */;
			proxyType = 1;
			remoteGlobalIDString = 8DB709F82D53884000F71C4B;
			remoteInfo = ResticService;
		};
		8DB70A0E2D5388D500F71C4B /* PBXContainerItemProxy */ = {
			isa = PBXContainerItemProxy;
			containerPortal = 8D3E9DD12D51219800C21FE0 /* Project object */;
			proxyType = 1;
			remoteGlobalIDString = 8D3E9FEB2D5122C600C21FE0;
			remoteInfo = Core;
		};
/* End PBXContainerItemProxy section */

/* Begin PBXCopyFilesBuildPhase section */
		8D3EA0072D5122C600C21FE0 /* Embed Frameworks */ = {
			isa = PBXCopyFilesBuildPhase;
			buildActionMask = 2147483647;
			dstPath = "";
			dstSubfolderSpec = 10;
			files = (
				8D3EA0022D5122C600C21FE0 /* Core.framework in Embed Frameworks */,
			);
			name = "Embed Frameworks";
			runOnlyForDeploymentPostprocessing = 0;
		};
		8DB70A0A2D53884000F71C4B /* Embed XPC Services */ = {
			isa = PBXCopyFilesBuildPhase;
			buildActionMask = 2147483647;
			dstPath = "$(CONTENTS_FOLDER_PATH)/XPCServices";
			dstSubfolderSpec = 16;
			files = (
				8DB70A052D53884000F71C4B /* ResticService.xpc in Embed XPC Services */,
			);
			name = "Embed XPC Services";
			runOnlyForDeploymentPostprocessing = 0;
		};
/* End PBXCopyFilesBuildPhase section */

/* Begin PBXFileReference section */
		8D36157B2D53E2810008675E /* StorageServiceProtocol.swift */ = {isa = PBXFileReference; lastKnownFileType = sourcecode.swift; path = StorageServiceProtocol.swift; sourceTree = "<group>"; };
		8D36157D2D53E4F40008675E /* RestoreServiceProtocol.swift */ = {isa = PBXFileReference; lastKnownFileType = sourcecode.swift; path = RestoreServiceProtocol.swift; sourceTree = "<group>"; };
		8D36157F2D53F9510008675E /* MockResticXPCService.swift */ = {isa = PBXFileReference; lastKnownFileType = sourcecode.swift; path = MockResticXPCService.swift; sourceTree = "<group>"; };
		8D3E9DD92D51219800C21FE0 /* rBUM.app */ = {isa = PBXFileReference; explicitFileType = wrapper.application; includeInIndex = 0; path = rBUM.app; sourceTree = BUILT_PRODUCTS_DIR; };
		8D3E9DEA2D51219900C21FE0 /* rBUMTests.xctest */ = {isa = PBXFileReference; explicitFileType = wrapper.cfbundle; includeInIndex = 0; path = rBUMTests.xctest; sourceTree = BUILT_PRODUCTS_DIR; };
		8D3E9DF42D51219900C21FE0 /* rBUMUITests.xctest */ = {isa = PBXFileReference; explicitFileType = wrapper.cfbundle; includeInIndex = 0; path = rBUMUITests.xctest; sourceTree = BUILT_PRODUCTS_DIR; };
		8D3E9FEC2D5122C600C21FE0 /* Core.framework */ = {isa = PBXFileReference; explicitFileType = wrapper.framework; includeInIndex = 0; path = Core.framework; sourceTree = BUILT_PRODUCTS_DIR; };
		8D3E9FF52D5122C600C21FE0 /* CoreTests.xctest */ = {isa = PBXFileReference; explicitFileType = wrapper.cfbundle; includeInIndex = 0; path = CoreTests.xctest; sourceTree = BUILT_PRODUCTS_DIR; };
		8D3F8D792D52464A007E239E /* OSLogger.h */ = {isa = PBXFileReference; lastKnownFileType = sourcecode.c.h; path = OSLogger.h; sourceTree = "<group>"; };
		8D3F8D7A2D52464A007E239E /* OSLogger.swift */ = {isa = PBXFileReference; lastKnownFileType = sourcecode.swift; path = OSLogger.swift; sourceTree = "<group>"; };
		8D3F8D7E2D5246A3007E239E /* ProcessError.swift */ = {isa = PBXFileReference; lastKnownFileType = sourcecode.swift; path = ProcessError.swift; sourceTree = "<group>"; };
		8D3F8D7F2D5246A3007E239E /* ProcessResult.swift */ = {isa = PBXFileReference; lastKnownFileType = sourcecode.swift; path = ProcessResult.swift; sourceTree = "<group>"; };
		8D3F8D802D5246A3007E239E /* ProgressTracker.swift */ = {isa = PBXFileReference; lastKnownFileType = sourcecode.swift; path = ProgressTracker.swift; sourceTree = "<group>"; };
		8D3F8D812D5246A3007E239E /* Repository.swift */ = {isa = PBXFileReference; lastKnownFileType = sourcecode.swift; path = Repository.swift; sourceTree = "<group>"; };
		8D3F8D822D5246A3007E239E /* RepositoryCredentials.swift */ = {isa = PBXFileReference; lastKnownFileType = sourcecode.swift; path = RepositoryCredentials.swift; sourceTree = "<group>"; };
		8D3F8D832D5246A3007E239E /* RepositoryStatus.swift */ = {isa = PBXFileReference; lastKnownFileType = sourcecode.swift; path = RepositoryStatus.swift; sourceTree = "<group>"; };
		8D3F8D842D5246A3007E239E /* ResticError.swift */ = {isa = PBXFileReference; lastKnownFileType = sourcecode.swift; path = ResticError.swift; sourceTree = "<group>"; };
		8D3F8D852D5246A3007E239E /* ResticSnapshot.swift */ = {isa = PBXFileReference; lastKnownFileType = sourcecode.swift; path = ResticSnapshot.swift; sourceTree = "<group>"; };
		8D3F8D862D5246A3007E239E /* SidebarItem.swift */ = {isa = PBXFileReference; lastKnownFileType = sourcecode.swift; path = SidebarItem.swift; sourceTree = "<group>"; };
		8D3F8D872D5246A3007E239E /* Snapshot.swift */ = {isa = PBXFileReference; lastKnownFileType = sourcecode.swift; path = Snapshot.swift; sourceTree = "<group>"; };
		8D3F8D932D524700007E239E /* KeychainService.swift */ = {isa = PBXFileReference; lastKnownFileType = sourcecode.swift; path = KeychainService.swift; sourceTree = "<group>"; };
		8D3F8D942D524700007E239E /* LoggerFactory.swift */ = {isa = PBXFileReference; lastKnownFileType = sourcecode.swift; path = LoggerFactory.swift; sourceTree = "<group>"; };
		8D3F8D952D524700007E239E /* PermissionManager.swift */ = {isa = PBXFileReference; lastKnownFileType = sourcecode.swift; path = PermissionManager.swift; sourceTree = "<group>"; };
		8D3F8D962D524700007E239E /* ResticXPCService.swift */ = {isa = PBXFileReference; lastKnownFileType = sourcecode.swift; path = ResticXPCService.swift; sourceTree = "<group>"; };
		8D3F8D972D524700007E239E /* SandboxDiagnostics.swift */ = {isa = PBXFileReference; lastKnownFileType = sourcecode.swift; path = SandboxDiagnostics.swift; sourceTree = "<group>"; };
		8D3F8D982D524700007E239E /* SandboxMonitor.swift */ = {isa = PBXFileReference; lastKnownFileType = sourcecode.swift; path = SandboxMonitor.swift; sourceTree = "<group>"; };
		8D3F8D992D524700007E239E /* SecurityService.swift */ = {isa = PBXFileReference; lastKnownFileType = sourcecode.swift; path = SecurityService.swift; sourceTree = "<group>"; };
		8D3F8DA62D524FC7007E239E /* ResticXPCProtocol.swift */ = {isa = PBXFileReference; lastKnownFileType = sourcecode.swift; path = ResticXPCProtocol.swift; sourceTree = "<group>"; };
		8D4142612D52355F00FBF58A /* KeychainError.swift */ = {isa = PBXFileReference; lastKnownFileType = sourcecode.swift; path = KeychainError.swift; sourceTree = "<group>"; };
		8D4142622D52355F00FBF58A /* SecurityError.swift */ = {isa = PBXFileReference; lastKnownFileType = sourcecode.swift; path = SecurityError.swift; sourceTree = "<group>"; };
		8D4142642D52355F00FBF58A /* BackupServiceProtocol.swift */ = {isa = PBXFileReference; lastKnownFileType = sourcecode.swift; path = BackupServiceProtocol.swift; sourceTree = "<group>"; };
		8D4142652D52355F00FBF58A /* DateProviderProtocol.swift */ = {isa = PBXFileReference; lastKnownFileType = sourcecode.swift; path = DateProviderProtocol.swift; sourceTree = "<group>"; };
		8D4142662D52355F00FBF58A /* FileManagerProtocol.swift */ = {isa = PBXFileReference; lastKnownFileType = sourcecode.swift; path = FileManagerProtocol.swift; sourceTree = "<group>"; };
		8D4142672D52355F00FBF58A /* KeychainCredentialsManagerProtocol.swift */ = {isa = PBXFileReference; lastKnownFileType = sourcecode.swift; path = KeychainCredentialsManagerProtocol.swift; sourceTree = "<group>"; };
		8D4142682D52355F00FBF58A /* KeychainServiceProtocol.swift */ = {isa = PBXFileReference; lastKnownFileType = sourcecode.swift; path = KeychainServiceProtocol.swift; sourceTree = "<group>"; };
		8D41426A2D52355F00FBF58A /* NotificationCenterProtocol.swift */ = {isa = PBXFileReference; lastKnownFileType = sourcecode.swift; path = NotificationCenterProtocol.swift; sourceTree = "<group>"; };
		8D41426C2D52355F00FBF58A /* RepositoryCreationServiceProtocol.swift */ = {isa = PBXFileReference; lastKnownFileType = sourcecode.swift; path = RepositoryCreationServiceProtocol.swift; sourceTree = "<group>"; };
		8D41426D2D52355F00FBF58A /* RepositoryServiceProtocol.swift */ = {isa = PBXFileReference; lastKnownFileType = sourcecode.swift; path = RepositoryServiceProtocol.swift; sourceTree = "<group>"; };
		8D41426E2D52355F00FBF58A /* RepositoryStorageProtocol.swift */ = {isa = PBXFileReference; lastKnownFileType = sourcecode.swift; path = RepositoryStorageProtocol.swift; sourceTree = "<group>"; };
		8D41426F2D52355F00FBF58A /* ResticCommandServiceProtocol.swift */ = {isa = PBXFileReference; lastKnownFileType = sourcecode.swift; path = ResticCommandServiceProtocol.swift; sourceTree = "<group>"; };
		8D4142702D52355F00FBF58A /* ResticServiceProtocol.swift */ = {isa = PBXFileReference; lastKnownFileType = sourcecode.swift; path = ResticServiceProtocol.swift; sourceTree = "<group>"; };
		8D4142712D52355F00FBF58A /* ResticXPCServiceProtocol.swift */ = {isa = PBXFileReference; lastKnownFileType = sourcecode.swift; path = ResticXPCServiceProtocol.swift; sourceTree = "<group>"; };
		8D4142722D52355F00FBF58A /* SecurityServiceProtocol.swift */ = {isa = PBXFileReference; lastKnownFileType = sourcecode.swift; path = SecurityServiceProtocol.swift; sourceTree = "<group>"; };
		8D4142762D52355F00FBF58A /* MockLogger.swift */ = {isa = PBXFileReference; lastKnownFileType = sourcecode.swift; path = MockLogger.swift; sourceTree = "<group>"; };
		8D41427B2D52355F00FBF58A /* Core.h */ = {isa = PBXFileReference; lastKnownFileType = sourcecode.c.h; path = Core.h; sourceTree = "<group>"; };
		8D41427C2D52355F00FBF58A /* Core.docc */ = {isa = PBXFileReference; lastKnownFileType = folder.documentationcatalog; path = Core.docc; sourceTree = "<group>"; };
		8D41427D2D52355F00FBF58A /* module.modulemap */ = {isa = PBXFileReference; lastKnownFileType = "sourcecode.module-map"; path = module.modulemap; sourceTree = "<group>"; };
		8D4142A92D5236FF00FBF58A /* SecurityService.swift */ = {isa = PBXFileReference; lastKnownFileType = sourcecode.swift; path = SecurityService.swift; sourceTree = "<group>"; };
		8DB709F32D5366C800F71C4B /* ResticXPCServiceTests.swift */ = {isa = PBXFileReference; lastKnownFileType = sourcecode.swift; path = ResticXPCServiceTests.swift; sourceTree = "<group>"; };
		8DB709F92D53884000F71C4B /* ResticService.xpc */ = {isa = PBXFileReference; explicitFileType = "wrapper.xpc-service"; includeInIndex = 0; path = ResticService.xpc; sourceTree = BUILT_PRODUCTS_DIR; };
		8DB70A112D538A6A00F71C4B /* XCTest.framework */ = {isa = PBXFileReference; lastKnownFileType = wrapper.framework; name = XCTest.framework; path = Platforms/MacOSX.platform/Developer/Library/Frameworks/XCTest.framework; sourceTree = DEVELOPER_DIR; };
		8DB70A132D538B8800F71C4B /* Testing.framework */ = {isa = PBXFileReference; lastKnownFileType = wrapper.framework; name = Testing.framework; path = Platforms/MacOSX.platform/Developer/Library/Frameworks/Testing.framework; sourceTree = DEVELOPER_DIR; };
		8DB70A152D53901500F71C4B /* ResticXPCError.swift */ = {isa = PBXFileReference; lastKnownFileType = sourcecode.swift; path = ResticXPCError.swift; sourceTree = "<group>"; };
		8DEB6A932D528C5000DE8CDE /* LoggerProtocol.swift */ = {isa = PBXFileReference; lastKnownFileType = sourcecode.swift; path = LoggerProtocol.swift; sourceTree = "<group>"; };
		8DEB6A952D528DF800DE8CDE /* SandboxCompliant.swift */ = {isa = PBXFileReference; lastKnownFileType = sourcecode.swift; path = SandboxCompliant.swift; sourceTree = "<group>"; };
		8DEB6A972D528E1F00DE8CDE /* LoggingService.swift */ = {isa = PBXFileReference; lastKnownFileType = sourcecode.swift; path = LoggingService.swift; sourceTree = "<group>"; };
		8DEB6A9B2D528F7500DE8CDE /* SandboxError.swift */ = {isa = PBXFileReference; lastKnownFileType = sourcecode.swift; path = SandboxError.swift; sourceTree = "<group>"; };
		8DEB6AA22D5292CF00DE8CDE /* BaseService.swift */ = {isa = PBXFileReference; lastKnownFileType = sourcecode.swift; path = BaseService.swift; sourceTree = "<group>"; };
		8DEB6AA42D52930700DE8CDE /* BaseSandboxedService.swift */ = {isa = PBXFileReference; lastKnownFileType = sourcecode.swift; path = BaseSandboxedService.swift; sourceTree = "<group>"; };
		8DEB6AA62D52935F00DE8CDE /* ServiceFactory.swift */ = {isa = PBXFileReference; lastKnownFileType = sourcecode.swift; path = ServiceFactory.swift; sourceTree = "<group>"; };
		8DEB6AA82D52938700DE8CDE /* DummyXPCService.swift */ = {isa = PBXFileReference; lastKnownFileType = sourcecode.swift; path = DummyXPCService.swift; sourceTree = "<group>"; };
		8DEB6AAA2D52939D00DE8CDE /* ServiceLifecycle.swift */ = {isa = PBXFileReference; lastKnownFileType = sourcecode.swift; path = ServiceLifecycle.swift; sourceTree = "<group>"; };
		8DEB6AAC2D5293C800DE8CDE /* ServiceError.swift */ = {isa = PBXFileReference; lastKnownFileType = sourcecode.swift; path = ServiceError.swift; sourceTree = "<group>"; };
		8DEB6AAE2D52977F00DE8CDE /* HealthCheckable.swift */ = {isa = PBXFileReference; lastKnownFileType = sourcecode.swift; path = HealthCheckable.swift; sourceTree = "<group>"; };
		8DEB6AB02D52AA6C00DE8CDE /* SandboxedService.swift */ = {isa = PBXFileReference; lastKnownFileType = sourcecode.swift; path = SandboxedService.swift; sourceTree = "<group>"; };
		8DEB6AB42D52B66E00DE8CDE /* Measurable.swift */ = {isa = PBXFileReference; lastKnownFileType = sourcecode.swift; path = Measurable.swift; sourceTree = "<group>"; };
		8DEB6AB82D52BDA200DE8CDE /* SandboxMonitorProtocol.swift */ = {isa = PBXFileReference; lastKnownFileType = sourcecode.swift; path = SandboxMonitorProtocol.swift; sourceTree = "<group>"; };
		8DEB6ABA2D52D60900DE8CDE /* BookmarkServiceProtocol.swift */ = {isa = PBXFileReference; lastKnownFileType = sourcecode.swift; path = BookmarkServiceProtocol.swift; sourceTree = "<group>"; };
		8DEB6ABE2D52D8F000DE8CDE /* KeychainCredentials.swift */ = {isa = PBXFileReference; lastKnownFileType = sourcecode.swift; path = KeychainCredentials.swift; sourceTree = "<group>"; };
/* End PBXFileReference section */

/* Begin PBXFileSystemSynchronizedBuildFileExceptionSet section */
		8DB70A062D53884000F71C4B /* Exceptions for "ResticService" folder in "ResticService" target */ = {
			isa = PBXFileSystemSynchronizedBuildFileExceptionSet;
			membershipExceptions = (
				Info.plist,
			);
			target = 8DB709F82D53884000F71C4B /* ResticService */;
		};
/* End PBXFileSystemSynchronizedBuildFileExceptionSet section */

/* Begin PBXFileSystemSynchronizedRootGroup section */
		8D3E9DDB2D51219800C21FE0 /* rBUM */ = {
			isa = PBXFileSystemSynchronizedRootGroup;
			path = rBUM;
			sourceTree = "<group>";
		};
		8D3E9DED2D51219900C21FE0 /* rBUMTests */ = {
			isa = PBXFileSystemSynchronizedRootGroup;
			path = rBUMTests;
			sourceTree = "<group>";
		};
		8D3E9DF72D51219900C21FE0 /* rBUMUITests */ = {
			isa = PBXFileSystemSynchronizedRootGroup;
			path = rBUMUITests;
			sourceTree = "<group>";
		};
		8D3E9FFB2D5122C600C21FE0 /* CoreTests */ = {
			isa = PBXFileSystemSynchronizedRootGroup;
			path = CoreTests;
			sourceTree = "<group>";
		};
		8DB709FA2D53884000F71C4B /* ResticService */ = {
			isa = PBXFileSystemSynchronizedRootGroup;
			exceptions = (
				8DB70A062D53884000F71C4B /* Exceptions for "ResticService" folder in "ResticService" target */,
			);
			path = ResticService;
			sourceTree = "<group>";
		};
/* End PBXFileSystemSynchronizedRootGroup section */

/* Begin PBXFrameworksBuildPhase section */
		8D3E9DD62D51219800C21FE0 /* Frameworks */ = {
			isa = PBXFrameworksBuildPhase;
			buildActionMask = 2147483647;
			files = (
				8D3EA0012D5122C600C21FE0 /* Core.framework in Frameworks */,
			);
			runOnlyForDeploymentPostprocessing = 0;
		};
		8D3E9DE72D51219900C21FE0 /* Frameworks */ = {
			isa = PBXFrameworksBuildPhase;
			buildActionMask = 2147483647;
			files = (
			);
			runOnlyForDeploymentPostprocessing = 0;
		};
		8D3E9DF12D51219900C21FE0 /* Frameworks */ = {
			isa = PBXFrameworksBuildPhase;
			buildActionMask = 2147483647;
			files = (
			);
			runOnlyForDeploymentPostprocessing = 0;
		};
		8D3E9FE92D5122C600C21FE0 /* Frameworks */ = {
			isa = PBXFrameworksBuildPhase;
			buildActionMask = 2147483647;
			files = (
				8DB70A142D538B8800F71C4B /* Testing.framework in Frameworks */,
				8DB70A122D538A6A00F71C4B /* XCTest.framework in Frameworks */,
			);
			runOnlyForDeploymentPostprocessing = 0;
		};
		8D3E9FF22D5122C600C21FE0 /* Frameworks */ = {
			isa = PBXFrameworksBuildPhase;
			buildActionMask = 2147483647;
			files = (
				8D3E9FF62D5122C600C21FE0 /* Core.framework in Frameworks */,
			);
			runOnlyForDeploymentPostprocessing = 0;
		};
		8DB709F62D53884000F71C4B /* Frameworks */ = {
			isa = PBXFrameworksBuildPhase;
			buildActionMask = 2147483647;
			files = (
				8DB70A0C2D5388D500F71C4B /* Core.framework in Frameworks */,
			);
			runOnlyForDeploymentPostprocessing = 0;
		};
/* End PBXFrameworksBuildPhase section */

/* Begin PBXGroup section */
		8D3E9DD02D51219800C21FE0 = {
			isa = PBXGroup;
			children = (
				8D3E9DDB2D51219800C21FE0 /* rBUM */,
				8D3E9DED2D51219900C21FE0 /* rBUMTests */,
				8D3E9DF72D51219900C21FE0 /* rBUMUITests */,
				8D41427E2D52355F00FBF58A /* Core */,
				8D3E9FFB2D5122C600C21FE0 /* CoreTests */,
				8DB709FA2D53884000F71C4B /* ResticService */,
				8DB70A0B2D5388D500F71C4B /* Frameworks */,
				8D3E9DDA2D51219800C21FE0 /* Products */,
			);
			sourceTree = "<group>";
		};
		8D3E9DDA2D51219800C21FE0 /* Products */ = {
			isa = PBXGroup;
			children = (
				8D3E9DD92D51219800C21FE0 /* rBUM.app */,
				8D3E9DEA2D51219900C21FE0 /* rBUMTests.xctest */,
				8D3E9DF42D51219900C21FE0 /* rBUMUITests.xctest */,
				8D3E9FEC2D5122C600C21FE0 /* Core.framework */,
				8D3E9FF52D5122C600C21FE0 /* CoreTests.xctest */,
				8DB709F92D53884000F71C4B /* ResticService.xpc */,
			);
			name = Products;
			sourceTree = "<group>";
		};
		8D3F8D7B2D52464A007E239E /* Logging */ = {
			isa = PBXGroup;
			children = (
				8DEB6A932D528C5000DE8CDE /* LoggerProtocol.swift */,
				8D3F8D792D52464A007E239E /* OSLogger.h */,
				8D3F8D7A2D52464A007E239E /* OSLogger.swift */,
			);
			path = Logging;
			sourceTree = "<group>";
		};
		8D3F8D882D5246A3007E239E /* Models */ = {
			isa = PBXGroup;
			children = (
				8DEB6ABE2D52D8F000DE8CDE /* KeychainCredentials.swift */,
				8D3F8D7E2D5246A3007E239E /* ProcessError.swift */,
				8D3F8D7F2D5246A3007E239E /* ProcessResult.swift */,
				8D3F8D802D5246A3007E239E /* ProgressTracker.swift */,
				8D3F8D812D5246A3007E239E /* Repository.swift */,
				8D3F8D822D5246A3007E239E /* RepositoryCredentials.swift */,
				8D3F8D832D5246A3007E239E /* RepositoryStatus.swift */,
				8D3F8D842D5246A3007E239E /* ResticError.swift */,
				8D3F8D852D5246A3007E239E /* ResticSnapshot.swift */,
				8D3F8D862D5246A3007E239E /* SidebarItem.swift */,
				8D3F8D872D5246A3007E239E /* Snapshot.swift */,
			);
			path = Models;
			sourceTree = "<group>";
		};
		8D3F8D9B2D524700007E239E /* Services */ = {
			isa = PBXGroup;
			children = (
				8D3F8D932D524700007E239E /* KeychainService.swift */,
				8D3F8D942D524700007E239E /* LoggerFactory.swift */,
				8D3F8D952D524700007E239E /* PermissionManager.swift */,
				8D3F8D962D524700007E239E /* ResticXPCService.swift */,
				8D3F8D972D524700007E239E /* SandboxDiagnostics.swift */,
				8D3F8D982D524700007E239E /* SandboxMonitor.swift */,
				8D3F8D992D524700007E239E /* SecurityService.swift */,
			);
			path = Services;
			sourceTree = "<group>";
		};
		8D3F8DA42D524844007E239E /* Apple */ = {
			isa = PBXGroup;
			children = (
			);
			path = Apple;
			sourceTree = "<group>";
		};
		8D3F8DA52D524844007E239E /* Platform */ = {
			isa = PBXGroup;
			children = (
				8D3F8DA42D524844007E239E /* Apple */,
			);
			path = Platform;
			sourceTree = "<group>";
		};
		8D4142632D52355F00FBF58A /* Errors */ = {
			isa = PBXGroup;
			children = (
				8DB70A152D53901500F71C4B /* ResticXPCError.swift */,
				8DEB6AAC2D5293C800DE8CDE /* ServiceError.swift */,
				8DEB6A9B2D528F7500DE8CDE /* SandboxError.swift */,
				8D4142612D52355F00FBF58A /* KeychainError.swift */,
				8D4142622D52355F00FBF58A /* SecurityError.swift */,
			);
			path = Errors;
			sourceTree = "<group>";
		};
		8D4142732D52355F00FBF58A /* Protocols */ = {
			isa = PBXGroup;
			children = (
				8D36157D2D53E4F40008675E /* RestoreServiceProtocol.swift */,
				8D36157B2D53E2810008675E /* StorageServiceProtocol.swift */,
				8DEB6ABA2D52D60900DE8CDE /* BookmarkServiceProtocol.swift */,
				8DEB6AB82D52BDA200DE8CDE /* SandboxMonitorProtocol.swift */,
				8DEB6AB42D52B66E00DE8CDE /* Measurable.swift */,
				8DEB6AB02D52AA6C00DE8CDE /* SandboxedService.swift */,
				8DEB6AAE2D52977F00DE8CDE /* HealthCheckable.swift */,
				8DEB6A972D528E1F00DE8CDE /* LoggingService.swift */,
				8DEB6A952D528DF800DE8CDE /* SandboxCompliant.swift */,
				8D3F8DA62D524FC7007E239E /* ResticXPCProtocol.swift */,
				8D4142642D52355F00FBF58A /* BackupServiceProtocol.swift */,
				8D4142652D52355F00FBF58A /* DateProviderProtocol.swift */,
				8D4142662D52355F00FBF58A /* FileManagerProtocol.swift */,
				8D4142672D52355F00FBF58A /* KeychainCredentialsManagerProtocol.swift */,
				8D4142682D52355F00FBF58A /* KeychainServiceProtocol.swift */,
				8D41426A2D52355F00FBF58A /* NotificationCenterProtocol.swift */,
				8D41426C2D52355F00FBF58A /* RepositoryCreationServiceProtocol.swift */,
				8D41426D2D52355F00FBF58A /* RepositoryServiceProtocol.swift */,
				8D41426E2D52355F00FBF58A /* RepositoryStorageProtocol.swift */,
				8D41426F2D52355F00FBF58A /* ResticCommandServiceProtocol.swift */,
				8D4142702D52355F00FBF58A /* ResticServiceProtocol.swift */,
				8D4142712D52355F00FBF58A /* ResticXPCServiceProtocol.swift */,
				8D4142722D52355F00FBF58A /* SecurityServiceProtocol.swift */,
			);
			path = Protocols;
			sourceTree = "<group>";
		};
		8D4142742D52355F00FBF58A /* Services */ = {
			isa = PBXGroup;
			children = (
				8DEB6A9E2D5292B300DE8CDE /* Base */,
				8DEB6A9F2D5292B300DE8CDE /* Factory */,
				8DEB6AA02D5292B300DE8CDE /* Lifecycle */,
				8DEB6AA12D5292B300DE8CDE /* Mock */,
				8D4142A92D5236FF00FBF58A /* SecurityService.swift */,
			);
			path = Services;
			sourceTree = "<group>";
		};
		8D4142752D52355F00FBF58A /* Sources */ = {
			isa = PBXGroup;
			children = (
				8D3F8DA52D524844007E239E /* Platform */,
				8D3F8D9B2D524700007E239E /* Services */,
				8D3F8D882D5246A3007E239E /* Models */,
				8D3F8D7B2D52464A007E239E /* Logging */,
				8D4142632D52355F00FBF58A /* Errors */,
				8D4142732D52355F00FBF58A /* Protocols */,
				8D4142742D52355F00FBF58A /* Services */,
			);
			path = Sources;
			sourceTree = "<group>";
		};
		8D4142772D52355F00FBF58A /* Mocks */ = {
			isa = PBXGroup;
			children = (
				8D36157F2D53F9510008675E /* MockResticXPCService.swift */,
				8D4142762D52355F00FBF58A /* MockLogger.swift */,
			);
			path = Mocks;
			sourceTree = "<group>";
		};
		8D4142792D52355F00FBF58A /* XPCTests */ = {
			isa = PBXGroup;
			children = (
				8DB709F32D5366C800F71C4B /* ResticXPCServiceTests.swift */,
			);
			path = XPCTests;
			sourceTree = "<group>";
		};
		8D41427A2D52355F00FBF58A /* Tests */ = {
			isa = PBXGroup;
			children = (
				8D4142772D52355F00FBF58A /* Mocks */,
				8D4142792D52355F00FBF58A /* XPCTests */,
			);
			path = Tests;
			sourceTree = "<group>";
		};
		8D41427E2D52355F00FBF58A /* Core */ = {
			isa = PBXGroup;
			children = (
				8D41427A2D52355F00FBF58A /* Tests */,
				8D41427B2D52355F00FBF58A /* Core.h */,
				8D41427C2D52355F00FBF58A /* Core.docc */,
				8D41427D2D52355F00FBF58A /* module.modulemap */,
				8D4142752D52355F00FBF58A /* Sources */,
			);
			path = Core;
			sourceTree = "<group>";
		};
		8DB70A0B2D5388D500F71C4B /* Frameworks */ = {
			isa = PBXGroup;
			children = (
				8DB70A132D538B8800F71C4B /* Testing.framework */,
				8DB70A112D538A6A00F71C4B /* XCTest.framework */,
			);
			name = Frameworks;
			sourceTree = "<group>";
		};
		8DEB6A9E2D5292B300DE8CDE /* Base */ = {
			isa = PBXGroup;
			children = (
				8DEB6AA42D52930700DE8CDE /* BaseSandboxedService.swift */,
				8DEB6AA22D5292CF00DE8CDE /* BaseService.swift */,
			);
			path = Base;
			sourceTree = "<group>";
		};
		8DEB6A9F2D5292B300DE8CDE /* Factory */ = {
			isa = PBXGroup;
			children = (
				8DEB6AA62D52935F00DE8CDE /* ServiceFactory.swift */,
			);
			path = Factory;
			sourceTree = "<group>";
		};
		8DEB6AA02D5292B300DE8CDE /* Lifecycle */ = {
			isa = PBXGroup;
			children = (
				8DEB6AAA2D52939D00DE8CDE /* ServiceLifecycle.swift */,
			);
			path = Lifecycle;
			sourceTree = "<group>";
		};
		8DEB6AA12D5292B300DE8CDE /* Mock */ = {
			isa = PBXGroup;
			children = (
				8DEB6AA82D52938700DE8CDE /* DummyXPCService.swift */,
			);
			path = Mock;
			sourceTree = "<group>";
		};
/* End PBXGroup section */

/* Begin PBXHeadersBuildPhase section */
		8D3E9FE72D5122C600C21FE0 /* Headers */ = {
			isa = PBXHeadersBuildPhase;
			buildActionMask = 2147483647;
			files = (
				8D3F8D7D2D52464A007E239E /* OSLogger.h in Headers */,
				8D4142802D52355F00FBF58A /* Core.h in Headers */,
			);
			runOnlyForDeploymentPostprocessing = 0;
		};
/* End PBXHeadersBuildPhase section */

/* Begin PBXNativeTarget section */
		8D3E9DD82D51219800C21FE0 /* rBUM */ = {
			isa = PBXNativeTarget;
			buildConfigurationList = 8D3E9DFE2D51219900C21FE0 /* Build configuration list for PBXNativeTarget "rBUM" */;
			buildPhases = (
				8D3E9DD52D51219800C21FE0 /* Sources */,
				8D3E9DD62D51219800C21FE0 /* Frameworks */,
				8D3E9DD72D51219800C21FE0 /* Resources */,
				8D3EA0072D5122C600C21FE0 /* Embed Frameworks */,
				8DB70A0A2D53884000F71C4B /* Embed XPC Services */,
			);
			buildRules = (
			);
			dependencies = (
				8D3EA0002D5122C600C21FE0 /* PBXTargetDependency */,
				8DB70A042D53884000F71C4B /* PBXTargetDependency */,
			);
			fileSystemSynchronizedGroups = (
				8D3E9DDB2D51219800C21FE0 /* rBUM */,
			);
			name = rBUM;
			packageProductDependencies = (
			);
			productName = rBUM;
			productReference = 8D3E9DD92D51219800C21FE0 /* rBUM.app */;
			productType = "com.apple.product-type.application";
		};
		8D3E9DE92D51219900C21FE0 /* rBUMTests */ = {
			isa = PBXNativeTarget;
			buildConfigurationList = 8D3E9E012D51219900C21FE0 /* Build configuration list for PBXNativeTarget "rBUMTests" */;
			buildPhases = (
				8D3E9DE62D51219900C21FE0 /* Sources */,
				8D3E9DE72D51219900C21FE0 /* Frameworks */,
				8D3E9DE82D51219900C21FE0 /* Resources */,
			);
			buildRules = (
			);
			dependencies = (
				8D3E9DEC2D51219900C21FE0 /* PBXTargetDependency */,
			);
			fileSystemSynchronizedGroups = (
				8D3E9DED2D51219900C21FE0 /* rBUMTests */,
			);
			name = rBUMTests;
			packageProductDependencies = (
			);
			productName = rBUMTests;
			productReference = 8D3E9DEA2D51219900C21FE0 /* rBUMTests.xctest */;
			productType = "com.apple.product-type.bundle.unit-test";
		};
		8D3E9DF32D51219900C21FE0 /* rBUMUITests */ = {
			isa = PBXNativeTarget;
			buildConfigurationList = 8D3E9E042D51219900C21FE0 /* Build configuration list for PBXNativeTarget "rBUMUITests" */;
			buildPhases = (
				8D3E9DF02D51219900C21FE0 /* Sources */,
				8D3E9DF12D51219900C21FE0 /* Frameworks */,
				8D3E9DF22D51219900C21FE0 /* Resources */,
			);
			buildRules = (
			);
			dependencies = (
				8D3E9DF62D51219900C21FE0 /* PBXTargetDependency */,
			);
			fileSystemSynchronizedGroups = (
				8D3E9DF72D51219900C21FE0 /* rBUMUITests */,
			);
			name = rBUMUITests;
			packageProductDependencies = (
			);
			productName = rBUMUITests;
			productReference = 8D3E9DF42D51219900C21FE0 /* rBUMUITests.xctest */;
			productType = "com.apple.product-type.bundle.ui-testing";
		};
		8D3E9FEB2D5122C600C21FE0 /* Core */ = {
			isa = PBXNativeTarget;
			buildConfigurationList = 8D3EA0042D5122C600C21FE0 /* Build configuration list for PBXNativeTarget "Core" */;
			buildPhases = (
				8D3E9FE72D5122C600C21FE0 /* Headers */,
				8D3E9FE82D5122C600C21FE0 /* Sources */,
				8D3E9FE92D5122C600C21FE0 /* Frameworks */,
				8D3E9FEA2D5122C600C21FE0 /* Resources */,
			);
			buildRules = (
			);
			dependencies = (
			);
			name = Core;
			packageProductDependencies = (
			);
			productName = Core;
			productReference = 8D3E9FEC2D5122C600C21FE0 /* Core.framework */;
			productType = "com.apple.product-type.framework";
		};
		8D3E9FF42D5122C600C21FE0 /* CoreTests */ = {
			isa = PBXNativeTarget;
			buildConfigurationList = 8D3EA0082D5122C600C21FE0 /* Build configuration list for PBXNativeTarget "CoreTests" */;
			buildPhases = (
				8D3E9FF12D5122C600C21FE0 /* Sources */,
				8D3E9FF22D5122C600C21FE0 /* Frameworks */,
				8D3E9FF32D5122C600C21FE0 /* Resources */,
			);
			buildRules = (
			);
			dependencies = (
				8D3E9FF82D5122C600C21FE0 /* PBXTargetDependency */,
				8D3E9FFA2D5122C600C21FE0 /* PBXTargetDependency */,
			);
			fileSystemSynchronizedGroups = (
				8D3E9FFB2D5122C600C21FE0 /* CoreTests */,
			);
			name = CoreTests;
			packageProductDependencies = (
			);
			productName = CoreTests;
			productReference = 8D3E9FF52D5122C600C21FE0 /* CoreTests.xctest */;
			productType = "com.apple.product-type.bundle.unit-test";
		};
		8DB709F82D53884000F71C4B /* ResticService */ = {
			isa = PBXNativeTarget;
			buildConfigurationList = 8DB70A072D53884000F71C4B /* Build configuration list for PBXNativeTarget "ResticService" */;
			buildPhases = (
				8DB709F52D53884000F71C4B /* Sources */,
				8DB709F62D53884000F71C4B /* Frameworks */,
				8DB709F72D53884000F71C4B /* Resources */,
			);
			buildRules = (
			);
			dependencies = (
				8DB70A0F2D5388D500F71C4B /* PBXTargetDependency */,
			);
			fileSystemSynchronizedGroups = (
				8DB709FA2D53884000F71C4B /* ResticService */,
			);
			name = ResticService;
			packageProductDependencies = (
			);
			productName = ResticService;
			productReference = 8DB709F92D53884000F71C4B /* ResticService.xpc */;
			productType = "com.apple.product-type.xpc-service";
		};
/* End PBXNativeTarget section */

/* Begin PBXProject section */
		8D3E9DD12D51219800C21FE0 /* Project object */ = {
			isa = PBXProject;
			attributes = {
				BuildIndependentTargetsInParallel = 1;
				LastSwiftUpdateCheck = 1620;
				LastUpgradeCheck = 1620;
				TargetAttributes = {
					8D3E9DD82D51219800C21FE0 = {
						CreatedOnToolsVersion = 16.2;
					};
					8D3E9DE92D51219900C21FE0 = {
						CreatedOnToolsVersion = 16.2;
						TestTargetID = 8D3E9DD82D51219800C21FE0;
					};
					8D3E9DF32D51219900C21FE0 = {
						CreatedOnToolsVersion = 16.2;
						TestTargetID = 8D3E9DD82D51219800C21FE0;
					};
					8D3E9FEB2D5122C600C21FE0 = {
						CreatedOnToolsVersion = 16.2;
					};
					8D3E9FF42D5122C600C21FE0 = {
						CreatedOnToolsVersion = 16.2;
						TestTargetID = 8D3E9DD82D51219800C21FE0;
					};
					8DB709F82D53884000F71C4B = {
						CreatedOnToolsVersion = 16.2;
					};
				};
			};
			buildConfigurationList = 8D3E9DD42D51219800C21FE0 /* Build configuration list for PBXProject "rBUM" */;
			developmentRegion = en;
			hasScannedForEncodings = 0;
			knownRegions = (
				en,
				Base,
			);
			mainGroup = 8D3E9DD02D51219800C21FE0;
			minimizedProjectReferenceProxies = 1;
			preferredProjectObjectVersion = 77;
			productRefGroup = 8D3E9DDA2D51219800C21FE0 /* Products */;
			projectDirPath = "";
			projectRoot = "";
			targets = (
				8D3E9DD82D51219800C21FE0 /* rBUM */,
				8D3E9DE92D51219900C21FE0 /* rBUMTests */,
				8D3E9DF32D51219900C21FE0 /* rBUMUITests */,
				8D3E9FEB2D5122C600C21FE0 /* Core */,
				8D3E9FF42D5122C600C21FE0 /* CoreTests */,
				8DB709F82D53884000F71C4B /* ResticService */,
			);
		};
/* End PBXProject section */

/* Begin PBXResourcesBuildPhase section */
		8D3E9DD72D51219800C21FE0 /* Resources */ = {
			isa = PBXResourcesBuildPhase;
			buildActionMask = 2147483647;
			files = (
			);
			runOnlyForDeploymentPostprocessing = 0;
		};
		8D3E9DE82D51219900C21FE0 /* Resources */ = {
			isa = PBXResourcesBuildPhase;
			buildActionMask = 2147483647;
			files = (
			);
			runOnlyForDeploymentPostprocessing = 0;
		};
		8D3E9DF22D51219900C21FE0 /* Resources */ = {
			isa = PBXResourcesBuildPhase;
			buildActionMask = 2147483647;
			files = (
			);
			runOnlyForDeploymentPostprocessing = 0;
		};
		8D3E9FEA2D5122C600C21FE0 /* Resources */ = {
			isa = PBXResourcesBuildPhase;
			buildActionMask = 2147483647;
			files = (
			);
			runOnlyForDeploymentPostprocessing = 0;
		};
		8D3E9FF32D5122C600C21FE0 /* Resources */ = {
			isa = PBXResourcesBuildPhase;
			buildActionMask = 2147483647;
			files = (
			);
			runOnlyForDeploymentPostprocessing = 0;
		};
		8DB709F72D53884000F71C4B /* Resources */ = {
			isa = PBXResourcesBuildPhase;
			buildActionMask = 2147483647;
			files = (
			);
			runOnlyForDeploymentPostprocessing = 0;
		};
/* End PBXResourcesBuildPhase section */

/* Begin PBXSourcesBuildPhase section */
		8D3E9DD52D51219800C21FE0 /* Sources */ = {
			isa = PBXSourcesBuildPhase;
			buildActionMask = 2147483647;
			files = (
			);
			runOnlyForDeploymentPostprocessing = 0;
		};
		8D3E9DE62D51219900C21FE0 /* Sources */ = {
			isa = PBXSourcesBuildPhase;
			buildActionMask = 2147483647;
			files = (
			);
			runOnlyForDeploymentPostprocessing = 0;
		};
		8D3E9DF02D51219900C21FE0 /* Sources */ = {
			isa = PBXSourcesBuildPhase;
			buildActionMask = 2147483647;
			files = (
			);
			runOnlyForDeploymentPostprocessing = 0;
		};
		8D3E9FE82D5122C600C21FE0 /* Sources */ = {
			isa = PBXSourcesBuildPhase;
			buildActionMask = 2147483647;
			files = (
				8D3F8D7C2D52464A007E239E /* OSLogger.swift in Sources */,
				8D4142952D52355F00FBF58A /* KeychainError.swift in Sources */,
				8D4142962D52355F00FBF58A /* SecurityError.swift in Sources */,
				8D4142972D52355F00FBF58A /* BackupServiceProtocol.swift in Sources */,
				8D4142982D52355F00FBF58A /* DateProviderProtocol.swift in Sources */,
				8DEB6ABB2D52D60900DE8CDE /* BookmarkServiceProtocol.swift in Sources */,
				8D4142992D52355F00FBF58A /* FileManagerProtocol.swift in Sources */,
				8D41429A2D52355F00FBF58A /* KeychainCredentialsManagerProtocol.swift in Sources */,
				8D41429B2D52355F00FBF58A /* KeychainServiceProtocol.swift in Sources */,
				8D36157E2D53E4F40008675E /* RestoreServiceProtocol.swift in Sources */,
				8DEB6AA92D52938700DE8CDE /* DummyXPCService.swift in Sources */,
				8DEB6AA32D5292CF00DE8CDE /* BaseService.swift in Sources */,
				8D41429D2D52355F00FBF58A /* NotificationCenterProtocol.swift in Sources */,
				8D41429F2D52355F00FBF58A /* RepositoryCreationServiceProtocol.swift in Sources */,
				8D4142A02D52355F00FBF58A /* RepositoryServiceProtocol.swift in Sources */,
				8D3F8D892D5246A3007E239E /* ProgressTracker.swift in Sources */,
				8D3F8D8A2D5246A3007E239E /* RepositoryCredentials.swift in Sources */,
				8D3F8D8B2D5246A3007E239E /* SidebarItem.swift in Sources */,
				8D3F8D8C2D5246A3007E239E /* Repository.swift in Sources */,
				8D3F8DA72D524FC7007E239E /* ResticXPCProtocol.swift in Sources */,
				8D3F8D8D2D5246A3007E239E /* ResticSnapshot.swift in Sources */,
				8D3F8D8E2D5246A3007E239E /* Snapshot.swift in Sources */,
				8D3F8D9C2D524700007E239E /* LoggerFactory.swift in Sources */,
				8D3F8D9E2D524700007E239E /* SandboxDiagnostics.swift in Sources */,
				8D3F8D9F2D524700007E239E /* KeychainService.swift in Sources */,
				8DEB6AA72D52935F00DE8CDE /* ServiceFactory.swift in Sources */,
				8DEB6AAD2D5293C800DE8CDE /* ServiceError.swift in Sources */,
				8D3F8DA02D524700007E239E /* PermissionManager.swift in Sources */,
				8D3F8DA12D524700007E239E /* ResticXPCService.swift in Sources */,
				8DEB6A962D528DFE00DE8CDE /* SandboxCompliant.swift in Sources */,
				8DB70A162D53901D00F71C4B /* ResticXPCError.swift in Sources */,
				8D3F8DA22D524700007E239E /* SecurityService.swift in Sources */,
				8D36157C2D53E2810008675E /* StorageServiceProtocol.swift in Sources */,
				8D3F8DA32D524700007E239E /* SandboxMonitor.swift in Sources */,
				8DEB6AAB2D52939D00DE8CDE /* ServiceLifecycle.swift in Sources */,
				8D3F8D8F2D5246A3007E239E /* RepositoryStatus.swift in Sources */,
				8DEB6AA52D52930700DE8CDE /* BaseSandboxedService.swift in Sources */,
				8D3F8D902D5246A3007E239E /* ProcessError.swift in Sources */,
				8D3F8D912D5246A3007E239E /* ProcessResult.swift in Sources */,
				8D3F8D922D5246A3007E239E /* ResticError.swift in Sources */,
				8D4142A12D52355F00FBF58A /* RepositoryStorageProtocol.swift in Sources */,
				8DEB6A9C2D528F7500DE8CDE /* SandboxError.swift in Sources */,
				8D4142A22D52355F00FBF58A /* ResticCommandServiceProtocol.swift in Sources */,
				8D4142A32D52355F00FBF58A /* ResticServiceProtocol.swift in Sources */,
				8DEB6AB52D52B66E00DE8CDE /* Measurable.swift in Sources */,
				8DEB6AAF2D52977F00DE8CDE /* HealthCheckable.swift in Sources */,
				8DEB6A982D528E2800DE8CDE /* LoggingService.swift in Sources */,
				8DEB6AB12D52AA6C00DE8CDE /* SandboxedService.swift in Sources */,
				8DB709F42D5366C800F71C4B /* ResticXPCServiceTests.swift in Sources */,
				8D3615802D53F9510008675E /* MockResticXPCService.swift in Sources */,
				8D4142A42D52355F00FBF58A /* ResticXPCServiceProtocol.swift in Sources */,
				8DEB6A942D528C5B00DE8CDE /* LoggerProtocol.swift in Sources */,
				8DEB6ABF2D52D8F000DE8CDE /* KeychainCredentials.swift in Sources */,
				8D4142A52D52355F00FBF58A /* SecurityServiceProtocol.swift in Sources */,
				8D4142A62D52355F00FBF58A /* MockLogger.swift in Sources */,
				8D4142A72D52355F00FBF58A /* Core.docc in Sources */,
				8DEB6AB92D52BDA200DE8CDE /* SandboxMonitorProtocol.swift in Sources */,
			);
			runOnlyForDeploymentPostprocessing = 0;
		};
		8D3E9FF12D5122C600C21FE0 /* Sources */ = {
			isa = PBXSourcesBuildPhase;
			buildActionMask = 2147483647;
			files = (
			);
			runOnlyForDeploymentPostprocessing = 0;
		};
		8DB709F52D53884000F71C4B /* Sources */ = {
			isa = PBXSourcesBuildPhase;
			buildActionMask = 2147483647;
			files = (
			);
			runOnlyForDeploymentPostprocessing = 0;
		};
/* End PBXSourcesBuildPhase section */

/* Begin PBXTargetDependency section */
		8D3E9DEC2D51219900C21FE0 /* PBXTargetDependency */ = {
			isa = PBXTargetDependency;
			target = 8D3E9DD82D51219800C21FE0 /* rBUM */;
			targetProxy = 8D3E9DEB2D51219900C21FE0 /* PBXContainerItemProxy */;
		};
		8D3E9DF62D51219900C21FE0 /* PBXTargetDependency */ = {
			isa = PBXTargetDependency;
			target = 8D3E9DD82D51219800C21FE0 /* rBUM */;
			targetProxy = 8D3E9DF52D51219900C21FE0 /* PBXContainerItemProxy */;
		};
		8D3E9FF82D5122C600C21FE0 /* PBXTargetDependency */ = {
			isa = PBXTargetDependency;
			target = 8D3E9FEB2D5122C600C21FE0 /* Core */;
			targetProxy = 8D3E9FF72D5122C600C21FE0 /* PBXContainerItemProxy */;
		};
		8D3E9FFA2D5122C600C21FE0 /* PBXTargetDependency */ = {
			isa = PBXTargetDependency;
			target = 8D3E9DD82D51219800C21FE0 /* rBUM */;
			targetProxy = 8D3E9FF92D5122C600C21FE0 /* PBXContainerItemProxy */;
		};
		8D3EA0002D5122C600C21FE0 /* PBXTargetDependency */ = {
			isa = PBXTargetDependency;
			target = 8D3E9FEB2D5122C600C21FE0 /* Core */;
			targetProxy = 8D3E9FFF2D5122C600C21FE0 /* PBXContainerItemProxy */;
		};
		8DB70A042D53884000F71C4B /* PBXTargetDependency */ = {
			isa = PBXTargetDependency;
			target = 8DB709F82D53884000F71C4B /* ResticService */;
			targetProxy = 8DB70A032D53884000F71C4B /* PBXContainerItemProxy */;
		};
		8DB70A0F2D5388D500F71C4B /* PBXTargetDependency */ = {
			isa = PBXTargetDependency;
			target = 8D3E9FEB2D5122C600C21FE0 /* Core */;
			targetProxy = 8DB70A0E2D5388D500F71C4B /* PBXContainerItemProxy */;
		};
/* End PBXTargetDependency section */

/* Begin XCBuildConfiguration section */
		8D3E9DFC2D51219900C21FE0 /* Debug */ = {
			isa = XCBuildConfiguration;
			buildSettings = {
				ALWAYS_SEARCH_USER_PATHS = NO;
				ASSETCATALOG_COMPILER_GENERATE_SWIFT_ASSET_SYMBOL_EXTENSIONS = YES;
				CLANG_ANALYZER_NONNULL = YES;
				CLANG_ANALYZER_NUMBER_OBJECT_CONVERSION = YES_AGGRESSIVE;
				CLANG_CXX_LANGUAGE_STANDARD = "gnu++20";
				CLANG_ENABLE_MODULES = YES;
				CLANG_ENABLE_OBJC_ARC = YES;
				CLANG_ENABLE_OBJC_WEAK = YES;
				CLANG_WARN_BLOCK_CAPTURE_AUTORELEASING = YES;
				CLANG_WARN_BOOL_CONVERSION = YES;
				CLANG_WARN_COMMA = YES;
				CLANG_WARN_CONSTANT_CONVERSION = YES;
				CLANG_WARN_DEPRECATED_OBJC_IMPLEMENTATIONS = YES;
				CLANG_WARN_DIRECT_OBJC_ISA_USAGE = YES_ERROR;
				CLANG_WARN_DOCUMENTATION_COMMENTS = YES;
				CLANG_WARN_EMPTY_BODY = YES;
				CLANG_WARN_ENUM_CONVERSION = YES;
				CLANG_WARN_INFINITE_RECURSION = YES;
				CLANG_WARN_INT_CONVERSION = YES;
				CLANG_WARN_NON_LITERAL_NULL_CONVERSION = YES;
				CLANG_WARN_OBJC_IMPLICIT_RETAIN_SELF = YES;
				CLANG_WARN_OBJC_LITERAL_CONVERSION = YES;
				CLANG_WARN_OBJC_ROOT_CLASS = YES_ERROR;
				CLANG_WARN_QUOTED_INCLUDE_IN_FRAMEWORK_HEADER = YES;
				CLANG_WARN_RANGE_LOOP_ANALYSIS = YES;
				CLANG_WARN_STRICT_PROTOTYPES = YES;
				CLANG_WARN_SUSPICIOUS_MOVE = YES;
				CLANG_WARN_UNGUARDED_AVAILABILITY = YES_AGGRESSIVE;
				CLANG_WARN_UNREACHABLE_CODE = YES;
				CLANG_WARN__DUPLICATE_METHOD_MATCH = YES;
				COPY_PHASE_STRIP = NO;
				DEBUG_INFORMATION_FORMAT = dwarf;
				ENABLE_STRICT_OBJC_MSGSEND = YES;
				ENABLE_TESTABILITY = YES;
				ENABLE_USER_SCRIPT_SANDBOXING = YES;
				GCC_C_LANGUAGE_STANDARD = gnu17;
				GCC_DYNAMIC_NO_PIC = NO;
				GCC_NO_COMMON_BLOCKS = YES;
				GCC_OPTIMIZATION_LEVEL = 0;
				GCC_PREPROCESSOR_DEFINITIONS = (
					"DEBUG=1",
					"$(inherited)",
				);
				GCC_WARN_64_TO_32_BIT_CONVERSION = YES;
				GCC_WARN_ABOUT_RETURN_TYPE = YES_ERROR;
				GCC_WARN_UNDECLARED_SELECTOR = YES;
				GCC_WARN_UNINITIALIZED_AUTOS = YES_AGGRESSIVE;
				GCC_WARN_UNUSED_FUNCTION = YES;
				GCC_WARN_UNUSED_VARIABLE = YES;
				LOCALIZATION_PREFERS_STRING_CATALOGS = YES;
				MACOSX_DEPLOYMENT_TARGET = 15.2;
				MTL_ENABLE_DEBUG_INFO = INCLUDE_SOURCE;
				MTL_FAST_MATH = YES;
				ONLY_ACTIVE_ARCH = YES;
				SDKROOT = macosx;
				SWIFT_ACTIVE_COMPILATION_CONDITIONS = "DEBUG $(inherited)";
				SWIFT_OPTIMIZATION_LEVEL = "-Onone";
			};
			name = Debug;
		};
		8D3E9DFD2D51219900C21FE0 /* Release */ = {
			isa = XCBuildConfiguration;
			buildSettings = {
				ALWAYS_SEARCH_USER_PATHS = NO;
				ASSETCATALOG_COMPILER_GENERATE_SWIFT_ASSET_SYMBOL_EXTENSIONS = YES;
				CLANG_ANALYZER_NONNULL = YES;
				CLANG_ANALYZER_NUMBER_OBJECT_CONVERSION = YES_AGGRESSIVE;
				CLANG_CXX_LANGUAGE_STANDARD = "gnu++20";
				CLANG_ENABLE_MODULES = YES;
				CLANG_ENABLE_OBJC_ARC = YES;
				CLANG_ENABLE_OBJC_WEAK = YES;
				CLANG_WARN_BLOCK_CAPTURE_AUTORELEASING = YES;
				CLANG_WARN_BOOL_CONVERSION = YES;
				CLANG_WARN_COMMA = YES;
				CLANG_WARN_CONSTANT_CONVERSION = YES;
				CLANG_WARN_DEPRECATED_OBJC_IMPLEMENTATIONS = YES;
				CLANG_WARN_DIRECT_OBJC_ISA_USAGE = YES_ERROR;
				CLANG_WARN_DOCUMENTATION_COMMENTS = YES;
				CLANG_WARN_EMPTY_BODY = YES;
				CLANG_WARN_ENUM_CONVERSION = YES;
				CLANG_WARN_INFINITE_RECURSION = YES;
				CLANG_WARN_INT_CONVERSION = YES;
				CLANG_WARN_NON_LITERAL_NULL_CONVERSION = YES;
				CLANG_WARN_OBJC_IMPLICIT_RETAIN_SELF = YES;
				CLANG_WARN_OBJC_LITERAL_CONVERSION = YES;
				CLANG_WARN_OBJC_ROOT_CLASS = YES_ERROR;
				CLANG_WARN_QUOTED_INCLUDE_IN_FRAMEWORK_HEADER = YES;
				CLANG_WARN_RANGE_LOOP_ANALYSIS = YES;
				CLANG_WARN_STRICT_PROTOTYPES = YES;
				CLANG_WARN_SUSPICIOUS_MOVE = YES;
				CLANG_WARN_UNGUARDED_AVAILABILITY = YES_AGGRESSIVE;
				CLANG_WARN_UNREACHABLE_CODE = YES;
				CLANG_WARN__DUPLICATE_METHOD_MATCH = YES;
				COPY_PHASE_STRIP = NO;
				DEBUG_INFORMATION_FORMAT = "dwarf-with-dsym";
				ENABLE_NS_ASSERTIONS = NO;
				ENABLE_STRICT_OBJC_MSGSEND = YES;
				ENABLE_USER_SCRIPT_SANDBOXING = YES;
				GCC_C_LANGUAGE_STANDARD = gnu17;
				GCC_NO_COMMON_BLOCKS = YES;
				GCC_WARN_64_TO_32_BIT_CONVERSION = YES;
				GCC_WARN_ABOUT_RETURN_TYPE = YES_ERROR;
				GCC_WARN_UNDECLARED_SELECTOR = YES;
				GCC_WARN_UNINITIALIZED_AUTOS = YES_AGGRESSIVE;
				GCC_WARN_UNUSED_FUNCTION = YES;
				GCC_WARN_UNUSED_VARIABLE = YES;
				LOCALIZATION_PREFERS_STRING_CATALOGS = YES;
				MACOSX_DEPLOYMENT_TARGET = 15.2;
				MTL_ENABLE_DEBUG_INFO = NO;
				MTL_FAST_MATH = YES;
				SDKROOT = macosx;
				SWIFT_COMPILATION_MODE = wholemodule;
			};
			name = Release;
		};
		8D3E9DFF2D51219900C21FE0 /* Debug */ = {
			isa = XCBuildConfiguration;
			buildSettings = {
				ASSETCATALOG_COMPILER_APPICON_NAME = AppIcon;
				ASSETCATALOG_COMPILER_GLOBAL_ACCENT_COLOR_NAME = AccentColor;
				CODE_SIGN_ENTITLEMENTS = rBUM/rBUM.entitlements;
				"CODE_SIGN_IDENTITY[sdk=macosx*]" = "Apple Development";
				CODE_SIGN_STYLE = Automatic;
				COMBINE_HIDPI_IMAGES = YES;
				CURRENT_PROJECT_VERSION = 1;
				DEVELOPMENT_ASSET_PATHS = "\"rBUM/Preview Content\"";
				DEVELOPMENT_TEAM = 3865U3A32G;
				ENABLE_HARDENED_RUNTIME = YES;
				ENABLE_PREVIEWS = YES;
				GENERATE_INFOPLIST_FILE = YES;
				INFOPLIST_KEY_LSApplicationCategoryType = "public.app-category.developer-tools";
				INFOPLIST_KEY_NSHumanReadableCopyright = "";
				LD_RUNPATH_SEARCH_PATHS = (
					"$(inherited)",
					"@executable_path/../Frameworks",
				);
				MACOSX_DEPLOYMENT_TARGET = 14.6;
				MARKETING_VERSION = 1.0;
				PRODUCT_BUNDLE_IDENTIFIER = dev.mpy.rBUM;
				PRODUCT_NAME = "$(TARGET_NAME)";
				SWIFT_EMIT_LOC_STRINGS = YES;
				SWIFT_VERSION = 5.0;
			};
			name = Debug;
		};
		8D3E9E002D51219900C21FE0 /* Release */ = {
			isa = XCBuildConfiguration;
			buildSettings = {
				ASSETCATALOG_COMPILER_APPICON_NAME = AppIcon;
				ASSETCATALOG_COMPILER_GLOBAL_ACCENT_COLOR_NAME = AccentColor;
				CODE_SIGN_ENTITLEMENTS = rBUM/rBUM.entitlements;
				"CODE_SIGN_IDENTITY[sdk=macosx*]" = "Apple Development";
				CODE_SIGN_STYLE = Automatic;
				COMBINE_HIDPI_IMAGES = YES;
				CURRENT_PROJECT_VERSION = 1;
				DEVELOPMENT_ASSET_PATHS = "\"rBUM/Preview Content\"";
				DEVELOPMENT_TEAM = 3865U3A32G;
				ENABLE_HARDENED_RUNTIME = YES;
				ENABLE_PREVIEWS = YES;
				GENERATE_INFOPLIST_FILE = YES;
				INFOPLIST_KEY_LSApplicationCategoryType = "public.app-category.developer-tools";
				INFOPLIST_KEY_NSHumanReadableCopyright = "";
				LD_RUNPATH_SEARCH_PATHS = (
					"$(inherited)",
					"@executable_path/../Frameworks",
				);
				MACOSX_DEPLOYMENT_TARGET = 14.6;
				MARKETING_VERSION = 1.0;
				PRODUCT_BUNDLE_IDENTIFIER = dev.mpy.rBUM;
				PRODUCT_NAME = "$(TARGET_NAME)";
				SWIFT_EMIT_LOC_STRINGS = YES;
				SWIFT_VERSION = 5.0;
			};
			name = Release;
		};
		8D3E9E022D51219900C21FE0 /* Debug */ = {
			isa = XCBuildConfiguration;
			buildSettings = {
				BUNDLE_LOADER = "$(TEST_HOST)";
				CODE_SIGN_STYLE = Automatic;
				CURRENT_PROJECT_VERSION = 1;
				DEVELOPMENT_TEAM = 3865U3A32G;
				GENERATE_INFOPLIST_FILE = YES;
				MACOSX_DEPLOYMENT_TARGET = 14.6;
				MARKETING_VERSION = 1.0;
				PRODUCT_BUNDLE_IDENTIFIER = dev.mpy.rBUMTests;
				PRODUCT_NAME = "$(TARGET_NAME)";
				SWIFT_EMIT_LOC_STRINGS = NO;
				SWIFT_VERSION = 5.0;
				TEST_HOST = "$(BUILT_PRODUCTS_DIR)/rBUM.app/$(BUNDLE_EXECUTABLE_FOLDER_PATH)/rBUM";
			};
			name = Debug;
		};
		8D3E9E032D51219900C21FE0 /* Release */ = {
			isa = XCBuildConfiguration;
			buildSettings = {
				BUNDLE_LOADER = "$(TEST_HOST)";
				CODE_SIGN_STYLE = Automatic;
				CURRENT_PROJECT_VERSION = 1;
				DEVELOPMENT_TEAM = 3865U3A32G;
				GENERATE_INFOPLIST_FILE = YES;
				MACOSX_DEPLOYMENT_TARGET = 14.6;
				MARKETING_VERSION = 1.0;
				PRODUCT_BUNDLE_IDENTIFIER = dev.mpy.rBUMTests;
				PRODUCT_NAME = "$(TARGET_NAME)";
				SWIFT_EMIT_LOC_STRINGS = NO;
				SWIFT_VERSION = 5.0;
				TEST_HOST = "$(BUILT_PRODUCTS_DIR)/rBUM.app/$(BUNDLE_EXECUTABLE_FOLDER_PATH)/rBUM";
			};
			name = Release;
		};
		8D3E9E052D51219900C21FE0 /* Debug */ = {
			isa = XCBuildConfiguration;
			buildSettings = {
				CODE_SIGN_STYLE = Automatic;
				CURRENT_PROJECT_VERSION = 1;
				DEVELOPMENT_TEAM = 3865U3A32G;
				GENERATE_INFOPLIST_FILE = YES;
				MACOSX_DEPLOYMENT_TARGET = 14.6;
				MARKETING_VERSION = 1.0;
				PRODUCT_BUNDLE_IDENTIFIER = dev.mpy.rBUMUITests;
				PRODUCT_NAME = "$(TARGET_NAME)";
				SWIFT_EMIT_LOC_STRINGS = NO;
				SWIFT_VERSION = 5.0;
				TEST_TARGET_NAME = rBUM;
			};
			name = Debug;
		};
		8D3E9E062D51219900C21FE0 /* Release */ = {
			isa = XCBuildConfiguration;
			buildSettings = {
				CODE_SIGN_STYLE = Automatic;
				CURRENT_PROJECT_VERSION = 1;
				DEVELOPMENT_TEAM = 3865U3A32G;
				GENERATE_INFOPLIST_FILE = YES;
				MACOSX_DEPLOYMENT_TARGET = 14.6;
				MARKETING_VERSION = 1.0;
				PRODUCT_BUNDLE_IDENTIFIER = dev.mpy.rBUMUITests;
				PRODUCT_NAME = "$(TARGET_NAME)";
				SWIFT_EMIT_LOC_STRINGS = NO;
				SWIFT_VERSION = 5.0;
				TEST_TARGET_NAME = rBUM;
			};
			name = Release;
		};
		8D3EA0052D5122C600C21FE0 /* Debug */ = {
			isa = XCBuildConfiguration;
			buildSettings = {
				BUILD_LIBRARY_FOR_DISTRIBUTION = YES;
				CODE_SIGN_STYLE = Automatic;
				COMBINE_HIDPI_IMAGES = YES;
				CURRENT_PROJECT_VERSION = 1;
				DEFINES_MODULE = YES;
				DEVELOPMENT_TEAM = 3865U3A32G;
				DYLIB_COMPATIBILITY_VERSION = 1;
				DYLIB_CURRENT_VERSION = 1;
				DYLIB_INSTALL_NAME_BASE = "@rpath";
				ENABLE_MODULE_VERIFIER = YES;
				GENERATE_INFOPLIST_FILE = YES;
				INFOPLIST_KEY_NSHumanReadableCopyright = "";
				INSTALL_PATH = "$(LOCAL_LIBRARY_DIR)/Frameworks";
				LD_RUNPATH_SEARCH_PATHS = (
					"$(inherited)",
					"@executable_path/../Frameworks",
					"@loader_path/Frameworks",
				);
				MACOSX_DEPLOYMENT_TARGET = 14.6;
				MARKETING_VERSION = 1.0;
				MODULE_VERIFIER_SUPPORTED_LANGUAGES = "objective-c objective-c++";
				MODULE_VERIFIER_SUPPORTED_LANGUAGE_STANDARDS = "gnu17 gnu++20";
				PRODUCT_BUNDLE_IDENTIFIER = dev.mpy.Core;
				PRODUCT_NAME = "$(TARGET_NAME:c99extidentifier)";
				SKIP_INSTALL = YES;
				SWIFT_EMIT_LOC_STRINGS = YES;
				SWIFT_INSTALL_OBJC_HEADER = NO;
				SWIFT_VERSION = 5.0;
				VERSIONING_SYSTEM = "apple-generic";
				VERSION_INFO_PREFIX = "";
			};
			name = Debug;
		};
		8D3EA0062D5122C600C21FE0 /* Release */ = {
			isa = XCBuildConfiguration;
			buildSettings = {
				BUILD_LIBRARY_FOR_DISTRIBUTION = YES;
				CODE_SIGN_STYLE = Automatic;
				COMBINE_HIDPI_IMAGES = YES;
				CURRENT_PROJECT_VERSION = 1;
				DEFINES_MODULE = YES;
				DEVELOPMENT_TEAM = 3865U3A32G;
				DYLIB_COMPATIBILITY_VERSION = 1;
				DYLIB_CURRENT_VERSION = 1;
				DYLIB_INSTALL_NAME_BASE = "@rpath";
				ENABLE_MODULE_VERIFIER = YES;
				GENERATE_INFOPLIST_FILE = YES;
				INFOPLIST_KEY_NSHumanReadableCopyright = "";
				INSTALL_PATH = "$(LOCAL_LIBRARY_DIR)/Frameworks";
				LD_RUNPATH_SEARCH_PATHS = (
					"$(inherited)",
					"@executable_path/../Frameworks",
					"@loader_path/Frameworks",
				);
				MACOSX_DEPLOYMENT_TARGET = 14.6;
				MARKETING_VERSION = 1.0;
				MODULE_VERIFIER_SUPPORTED_LANGUAGES = "objective-c objective-c++";
				MODULE_VERIFIER_SUPPORTED_LANGUAGE_STANDARDS = "gnu17 gnu++20";
				PRODUCT_BUNDLE_IDENTIFIER = dev.mpy.Core;
				PRODUCT_NAME = "$(TARGET_NAME:c99extidentifier)";
				SKIP_INSTALL = YES;
				SWIFT_EMIT_LOC_STRINGS = YES;
				SWIFT_INSTALL_OBJC_HEADER = NO;
				SWIFT_VERSION = 5.0;
				VERSIONING_SYSTEM = "apple-generic";
				VERSION_INFO_PREFIX = "";
			};
			name = Release;
		};
		8D3EA0092D5122C600C21FE0 /* Debug */ = {
			isa = XCBuildConfiguration;
			buildSettings = {
				CODE_SIGN_STYLE = Automatic;
				CURRENT_PROJECT_VERSION = 1;
				DEVELOPMENT_TEAM = 3865U3A32G;
				GENERATE_INFOPLIST_FILE = YES;
				MACOSX_DEPLOYMENT_TARGET = 14.6;
				MARKETING_VERSION = 1.0;
				PRODUCT_BUNDLE_IDENTIFIER = dev.mpy.CoreTests;
				PRODUCT_NAME = "$(TARGET_NAME)";
				SWIFT_EMIT_LOC_STRINGS = NO;
				SWIFT_VERSION = 5.0;
				TEST_HOST = "$(BUILT_PRODUCTS_DIR)/rBUM.app/$(BUNDLE_EXECUTABLE_FOLDER_PATH)/rBUM";
			};
			name = Debug;
		};
		8D3EA00A2D5122C600C21FE0 /* Release */ = {
			isa = XCBuildConfiguration;
			buildSettings = {
				CODE_SIGN_STYLE = Automatic;
				CURRENT_PROJECT_VERSION = 1;
				DEVELOPMENT_TEAM = 3865U3A32G;
				GENERATE_INFOPLIST_FILE = YES;
				MACOSX_DEPLOYMENT_TARGET = 14.6;
				MARKETING_VERSION = 1.0;
				PRODUCT_BUNDLE_IDENTIFIER = dev.mpy.CoreTests;
				PRODUCT_NAME = "$(TARGET_NAME)";
				SWIFT_EMIT_LOC_STRINGS = NO;
				SWIFT_VERSION = 5.0;
				TEST_HOST = "$(BUILT_PRODUCTS_DIR)/rBUM.app/$(BUNDLE_EXECUTABLE_FOLDER_PATH)/rBUM";
			};
			name = Release;
		};
		8DB70A082D53884000F71C4B /* Debug */ = {
			isa = XCBuildConfiguration;
			buildSettings = {
				CODE_SIGN_ENTITLEMENTS = ResticService/ResticService.entitlements;
				CODE_SIGN_STYLE = Automatic;
				COMBINE_HIDPI_IMAGES = YES;
				CURRENT_PROJECT_VERSION = 1;
				DEVELOPMENT_TEAM = 3865U3A32G;
				ENABLE_HARDENED_RUNTIME = YES;
				GENERATE_INFOPLIST_FILE = YES;
				INFOPLIST_FILE = ResticService/Info.plist;
				INFOPLIST_KEY_CFBundleDisplayName = ResticService;
				INFOPLIST_KEY_NSHumanReadableCopyright = "";
				MACOSX_DEPLOYMENT_TARGET = 14.6;
				MARKETING_VERSION = 1.0;
				PRODUCT_BUNDLE_IDENTIFIER = dev.mpy.ResticService;
				PRODUCT_NAME = "$(TARGET_NAME)";
				SKIP_INSTALL = YES;
				SWIFT_EMIT_LOC_STRINGS = YES;
				SWIFT_VERSION = 5.0;
			};
			name = Debug;
		};
		8DB70A092D53884000F71C4B /* Release */ = {
			isa = XCBuildConfiguration;
			buildSettings = {
				CODE_SIGN_ENTITLEMENTS = ResticService/ResticService.entitlements;
				CODE_SIGN_STYLE = Automatic;
				COMBINE_HIDPI_IMAGES = YES;
				CURRENT_PROJECT_VERSION = 1;
				DEVELOPMENT_TEAM = 3865U3A32G;
				ENABLE_HARDENED_RUNTIME = YES;
				GENERATE_INFOPLIST_FILE = YES;
				INFOPLIST_FILE = ResticService/Info.plist;
				INFOPLIST_KEY_CFBundleDisplayName = ResticService;
				INFOPLIST_KEY_NSHumanReadableCopyright = "";
				MACOSX_DEPLOYMENT_TARGET = 14.6;
				MARKETING_VERSION = 1.0;
				PRODUCT_BUNDLE_IDENTIFIER = dev.mpy.ResticService;
				PRODUCT_NAME = "$(TARGET_NAME)";
				SKIP_INSTALL = YES;
				SWIFT_EMIT_LOC_STRINGS = YES;
				SWIFT_VERSION = 5.0;
			};
			name = Release;
		};
/* End XCBuildConfiguration section */

/* Begin XCConfigurationList section */
		8D3E9DD42D51219800C21FE0 /* Build configuration list for PBXProject "rBUM" */ = {
			isa = XCConfigurationList;
			buildConfigurations = (
				8D3E9DFC2D51219900C21FE0 /* Debug */,
				8D3E9DFD2D51219900C21FE0 /* Release */,
			);
			defaultConfigurationIsVisible = 0;
			defaultConfigurationName = Release;
		};
		8D3E9DFE2D51219900C21FE0 /* Build configuration list for PBXNativeTarget "rBUM" */ = {
			isa = XCConfigurationList;
			buildConfigurations = (
				8D3E9DFF2D51219900C21FE0 /* Debug */,
				8D3E9E002D51219900C21FE0 /* Release */,
			);
			defaultConfigurationIsVisible = 0;
			defaultConfigurationName = Release;
		};
		8D3E9E012D51219900C21FE0 /* Build configuration list for PBXNativeTarget "rBUMTests" */ = {
			isa = XCConfigurationList;
			buildConfigurations = (
				8D3E9E022D51219900C21FE0 /* Debug */,
				8D3E9E032D51219900C21FE0 /* Release */,
			);
			defaultConfigurationIsVisible = 0;
			defaultConfigurationName = Release;
		};
		8D3E9E042D51219900C21FE0 /* Build configuration list for PBXNativeTarget "rBUMUITests" */ = {
			isa = XCConfigurationList;
			buildConfigurations = (
				8D3E9E052D51219900C21FE0 /* Debug */,
				8D3E9E062D51219900C21FE0 /* Release */,
			);
			defaultConfigurationIsVisible = 0;
			defaultConfigurationName = Release;
		};
		8D3EA0042D5122C600C21FE0 /* Build configuration list for PBXNativeTarget "Core" */ = {
			isa = XCConfigurationList;
			buildConfigurations = (
				8D3EA0052D5122C600C21FE0 /* Debug */,
				8D3EA0062D5122C600C21FE0 /* Release */,
			);
			defaultConfigurationIsVisible = 0;
			defaultConfigurationName = Release;
		};
		8D3EA0082D5122C600C21FE0 /* Build configuration list for PBXNativeTarget "CoreTests" */ = {
			isa = XCConfigurationList;
			buildConfigurations = (
				8D3EA0092D5122C600C21FE0 /* Debug */,
				8D3EA00A2D5122C600C21FE0 /* Release */,
			);
			defaultConfigurationIsVisible = 0;
			defaultConfigurationName = Release;
		};
		8DB70A072D53884000F71C4B /* Build configuration list for PBXNativeTarget "ResticService" */ = {
			isa = XCConfigurationList;
			buildConfigurations = (
				8DB70A082D53884000F71C4B /* Debug */,
				8DB70A092D53884000F71C4B /* Release */,
			);
			defaultConfigurationIsVisible = 0;
			defaultConfigurationName = Release;
		};
/* End XCConfigurationList section */
	};
	rootObject = 8D3E9DD12D51219800C21FE0 /* Project object */;
}
