// !$*UTF8*$!
{
	archiveVersion = 1;
	classes = {
	};
	objectVersion = 77;
	objects = {

/* Begin PBXBuildFile section */
		8D36157C2D53E2810008675E /* (null) in Sources */ = {isa = PBXBuildFile; };
		8D36157E2D53E4F40008675E /* (null) in Sources */ = {isa = PBXBuildFile; };
		8D3615802D53F9510008675E /* (null) in Sources */ = {isa = PBXBuildFile; };
		8D386F4C2D54D6AE00FAFA66 /* (null) in Sources */ = {isa = PBXBuildFile; };
		8D386F4D2D54D6AE00FAFA66 /* (null) in Sources */ = {isa = PBXBuildFile; };
		8D386F4E2D54D6AE00FAFA66 /* (null) in Sources */ = {isa = PBXBuildFile; };
		8D386F4F2D54D6AE00FAFA66 /* (null) in Sources */ = {isa = PBXBuildFile; };
		8D386F532D54F08800FAFA66 /* (null) in Sources */ = {isa = PBXBuildFile; };
		8D3F8D7C2D52464A007E239E /* (null) in Sources */ = {isa = PBXBuildFile; };
		8D3F8D892D5246A3007E239E /* (null) in Sources */ = {isa = PBXBuildFile; };
		8D3F8D8A2D5246A3007E239E /* (null) in Sources */ = {isa = PBXBuildFile; };
		8D3F8D8B2D5246A3007E239E /* (null) in Sources */ = {isa = PBXBuildFile; };
		8D3F8D8C2D5246A3007E239E /* (null) in Sources */ = {isa = PBXBuildFile; };
		8D3F8D8D2D5246A3007E239E /* (null) in Sources */ = {isa = PBXBuildFile; };
		8D3F8D8E2D5246A3007E239E /* (null) in Sources */ = {isa = PBXBuildFile; };
		8D3F8D8F2D5246A3007E239E /* (null) in Sources */ = {isa = PBXBuildFile; };
		8D3F8D902D5246A3007E239E /* (null) in Sources */ = {isa = PBXBuildFile; };
		8D3F8D912D5246A3007E239E /* (null) in Sources */ = {isa = PBXBuildFile; };
		8D3F8D922D5246A3007E239E /* (null) in Sources */ = {isa = PBXBuildFile; };
		8D3F8D9C2D524700007E239E /* (null) in Sources */ = {isa = PBXBuildFile; };
		8D3F8D9E2D524700007E239E /* (null) in Sources */ = {isa = PBXBuildFile; };
		8D3F8D9F2D524700007E239E /* (null) in Sources */ = {isa = PBXBuildFile; };
		8D3F8DA02D524700007E239E /* (null) in Sources */ = {isa = PBXBuildFile; };
		8D3F8DA12D524700007E239E /* (null) in Sources */ = {isa = PBXBuildFile; };
		8D3F8DA22D524700007E239E /* (null) in Sources */ = {isa = PBXBuildFile; };
		8D3F8DA32D524700007E239E /* (null) in Sources */ = {isa = PBXBuildFile; };
		8D3F8DA72D524FC7007E239E /* (null) in Sources */ = {isa = PBXBuildFile; };
		8D4142952D52355F00FBF58A /* (null) in Sources */ = {isa = PBXBuildFile; };
		8D4142962D52355F00FBF58A /* (null) in Sources */ = {isa = PBXBuildFile; };
		8D4142972D52355F00FBF58A /* (null) in Sources */ = {isa = PBXBuildFile; };
		8D4142982D52355F00FBF58A /* (null) in Sources */ = {isa = PBXBuildFile; };
		8D4142992D52355F00FBF58A /* (null) in Sources */ = {isa = PBXBuildFile; };
		8D41429A2D52355F00FBF58A /* (null) in Sources */ = {isa = PBXBuildFile; };
		8D41429B2D52355F00FBF58A /* (null) in Sources */ = {isa = PBXBuildFile; };
		8D41429D2D52355F00FBF58A /* (null) in Sources */ = {isa = PBXBuildFile; };
		8D41429F2D52355F00FBF58A /* (null) in Sources */ = {isa = PBXBuildFile; };
		8D4142A02D52355F00FBF58A /* (null) in Sources */ = {isa = PBXBuildFile; };
		8D4142A12D52355F00FBF58A /* (null) in Sources */ = {isa = PBXBuildFile; };
		8D4142A22D52355F00FBF58A /* (null) in Sources */ = {isa = PBXBuildFile; };
		8D4142A32D52355F00FBF58A /* (null) in Sources */ = {isa = PBXBuildFile; };
		8D4142A42D52355F00FBF58A /* (null) in Sources */ = {isa = PBXBuildFile; };
		8D4142A52D52355F00FBF58A /* (null) in Sources */ = {isa = PBXBuildFile; };
		8D4142A62D52355F00FBF58A /* (null) in Sources */ = {isa = PBXBuildFile; };
		8D4142A72D52355F00FBF58A /* (null) in Sources */ = {isa = PBXBuildFile; };
		8D679E152D5683630060D84A /* (null) in Sources */ = {isa = PBXBuildFile; };
		8D679E162D5683630060D84A /* (null) in Sources */ = {isa = PBXBuildFile; };
		8D679E172D5683630060D84A /* (null) in Sources */ = {isa = PBXBuildFile; };
		8D679E182D5683630060D84A /* (null) in Sources */ = {isa = PBXBuildFile; };
		8D679E192D5683630060D84A /* (null) in Sources */ = {isa = PBXBuildFile; };
		8D679E1A2D5683630060D84A /* (null) in Sources */ = {isa = PBXBuildFile; };
		8D679E1C2D5683630060D84A /* (null) in Sources */ = {isa = PBXBuildFile; };
		8D679E1D2D5683630060D84A /* (null) in Sources */ = {isa = PBXBuildFile; };
		8D679E1E2D5683630060D84A /* (null) in Sources */ = {isa = PBXBuildFile; };
		8D679E1F2D5683630060D84A /* (null) in Sources */ = {isa = PBXBuildFile; };
		8D679E202D5683630060D84A /* (null) in Sources */ = {isa = PBXBuildFile; };
		8D679E212D5683630060D84A /* (null) in Sources */ = {isa = PBXBuildFile; };
		8D679E222D5683630060D84A /* (null) in Sources */ = {isa = PBXBuildFile; };
		8D679E232D5683630060D84A /* (null) in Sources */ = {isa = PBXBuildFile; };
		8D679E242D5683630060D84A /* (null) in Sources */ = {isa = PBXBuildFile; };
		8D679E692D5686AE0060D84A /* (null) in Sources */ = {isa = PBXBuildFile; };
		8D679E6A2D5686AE0060D84A /* (null) in Sources */ = {isa = PBXBuildFile; };
		8D679E6C2D5686AE0060D84A /* (null) in Sources */ = {isa = PBXBuildFile; };
		8D679E6D2D5686AE0060D84A /* (null) in Sources */ = {isa = PBXBuildFile; };
		8D679E712D5686AE0060D84A /* (null) in Sources */ = {isa = PBXBuildFile; };
		8D679E732D5686AE0060D84A /* (null) in Sources */ = {isa = PBXBuildFile; };
		8D679E752D5686AE0060D84A /* (null) in Sources */ = {isa = PBXBuildFile; };
		8D679E762D5686AE0060D84A /* (null) in Sources */ = {isa = PBXBuildFile; };
		8D679E782D5686AE0060D84A /* (null) in Sources */ = {isa = PBXBuildFile; };
		8D679E7C2D5686AE0060D84A /* (null) in Sources */ = {isa = PBXBuildFile; };
		8D679E812D5686AE0060D84A /* (null) in Sources */ = {isa = PBXBuildFile; };
		8D679E832D5686AE0060D84A /* (null) in Sources */ = {isa = PBXBuildFile; };
		8D679E842D5686AE0060D84A /* (null) in Sources */ = {isa = PBXBuildFile; };
		8D679E852D5686AE0060D84A /* (null) in Sources */ = {isa = PBXBuildFile; };
		8D679E882D5686AE0060D84A /* (null) in Sources */ = {isa = PBXBuildFile; };
		8D679E8B2D5686AE0060D84A /* (null) in Sources */ = {isa = PBXBuildFile; };
		8D679E8C2D5686AE0060D84A /* (null) in Sources */ = {isa = PBXBuildFile; };
		8D679E8D2D5686AE0060D84A /* (null) in Sources */ = {isa = PBXBuildFile; };
		8D679E8E2D5686AE0060D84A /* (null) in Sources */ = {isa = PBXBuildFile; };
		8D679E8F2D5686AE0060D84A /* (null) in Sources */ = {isa = PBXBuildFile; };
		8D679E912D5686AE0060D84A /* (null) in Sources */ = {isa = PBXBuildFile; };
		8D679E922D5686AE0060D84A /* (null) in Sources */ = {isa = PBXBuildFile; };
		8D679E942D5686AE0060D84A /* (null) in Sources */ = {isa = PBXBuildFile; };
		8D679E952D5686AE0060D84A /* (null) in Sources */ = {isa = PBXBuildFile; };
		8D679E9A2D5686AE0060D84A /* (null) in Sources */ = {isa = PBXBuildFile; };
		8D67A0412D5787CB0060D84A /* (null) in Sources */ = {isa = PBXBuildFile; };
		8D8E74522D57CBC300AFB5ED /* Core.h in Headers */ = {isa = PBXBuildFile; fileRef = 8D8E74512D57CBC300AFB5ED /* Core.h */; settings = {ATTRIBUTES = (Public, ); }; };
		8D8E74542D57CC2A00AFB5ED /* OSLogger.h in Headers */ = {isa = PBXBuildFile; fileRef = 8D8E74532D57CC2A00AFB5ED /* OSLogger.h */; settings = {ATTRIBUTES = (Private, ); }; };
		8DBB44622D580BF3006E2E76 /* Core_Private.h in Headers */ = {isa = PBXBuildFile; fileRef = 8DBB44612D580BF3006E2E76 /* Core_Private.h */; settings = {ATTRIBUTES = (Private, ); }; };
		8DBB44642D580C7B006E2E76 /* Core-Swift.h in Headers */ = {isa = PBXBuildFile; fileRef = 8DBB44632D580C7B006E2E76 /* Core-Swift.h */; settings = {ATTRIBUTES = (Public, ); }; };
		8DBB446B2D5813E3006E2E76 /* module.private.modulemap in CopyFiles */ = {isa = PBXBuildFile; fileRef = 8DBB44672D580E1C006E2E76 /* module.private.modulemap */; };
/* End PBXBuildFile section */

/* Begin PBXContainerItemProxy section */
		8D8E744A2D57BDB000AFB5ED /* PBXContainerItemProxy */ = {
			isa = PBXContainerItemProxy;
			containerPortal = 8D3E9DD12D51219800C21FE0 /* Project object */;
			proxyType = 1;
			remoteGlobalIDString = 8D3E9DD82D51219800C21FE0;
			remoteInfo = rBUM;
		};
		8D8E744B2D57BDB000AFB5ED /* PBXContainerItemProxy */ = {
			isa = PBXContainerItemProxy;
			containerPortal = 8D3E9DD12D51219800C21FE0 /* Project object */;
			proxyType = 1;
			remoteGlobalIDString = 8D3E9FEB2D5122C600C21FE0;
			remoteInfo = Core;
		};
		8D8E744C2D57BDB000AFB5ED /* PBXContainerItemProxy */ = {
			isa = PBXContainerItemProxy;
			containerPortal = 8D3E9DD12D51219800C21FE0 /* Project object */;
			proxyType = 1;
			remoteGlobalIDString = 8D3E9DD82D51219800C21FE0;
			remoteInfo = rBUM;
		};
		8D8E744D2D57BDB000AFB5ED /* PBXContainerItemProxy */ = {
			isa = PBXContainerItemProxy;
			containerPortal = 8D3E9DD12D51219800C21FE0 /* Project object */;
			proxyType = 1;
			remoteGlobalIDString = 8D3E9DD82D51219800C21FE0;
			remoteInfo = rBUM;
		};
		8D8E744E2D57BDB000AFB5ED /* PBXContainerItemProxy */ = {
			isa = PBXContainerItemProxy;
			containerPortal = 8D3E9DD12D51219800C21FE0 /* Project object */;
			proxyType = 1;
			remoteGlobalIDString = 8D3E9FEB2D5122C600C21FE0;
			remoteInfo = Core;
		};
		8D8E744F2D57BDB000AFB5ED /* PBXContainerItemProxy */ = {
			isa = PBXContainerItemProxy;
			containerPortal = 8D3E9DD12D51219800C21FE0 /* Project object */;
			proxyType = 1;
			remoteGlobalIDString = 8DB709F82D53884000F71C4B;
			remoteInfo = ResticService;
		};
		8D8E74502D57BDB000AFB5ED /* PBXContainerItemProxy */ = {
			isa = PBXContainerItemProxy;
			containerPortal = 8D3E9DD12D51219800C21FE0 /* Project object */;
			proxyType = 1;
			remoteGlobalIDString = 8D3E9FEB2D5122C600C21FE0;
			remoteInfo = Core;
		};
/* End PBXContainerItemProxy section */

/* Begin PBXCopyFilesBuildPhase section */
		8DBB446A2D581392006E2E76 /* CopyFiles */ = {
			isa = PBXCopyFilesBuildPhase;
			buildActionMask = 2147483647;
			dstPath = "";
			dstSubfolderSpec = 16;
			files = (
				8DBB446B2D5813E3006E2E76 /* module.private.modulemap in CopyFiles */,
			);
			runOnlyForDeploymentPostprocessing = 0;
		};
/* End PBXCopyFilesBuildPhase section */

/* Begin PBXFileReference section */
		8D8E74512D57CBC300AFB5ED /* Core.h */ = {isa = PBXFileReference; lastKnownFileType = sourcecode.c.h; name = Core.h; path = Core/Core.h; sourceTree = "<group>"; };
		8D8E74532D57CC2A00AFB5ED /* OSLogger.h */ = {isa = PBXFileReference; lastKnownFileType = sourcecode.c.h; name = OSLogger.h; path = ../../Documents/rBUMBackup/Core/Logging/OSLogger.h; sourceTree = "<group>"; };
		8DBB445F2D580BB6006E2E76 /* OSLogger.h */ = {isa = PBXFileReference; lastKnownFileType = sourcecode.c.h; name = OSLogger.h; path = Core/Sources/Logging/OSLogger.h; sourceTree = "<group>"; };
		8DBB44612D580BF3006E2E76 /* Core_Private.h */ = {isa = PBXFileReference; lastKnownFileType = sourcecode.c.h; name = Core_Private.h; path = Core/Core_Private.h; sourceTree = "<group>"; };
		8DBB44632D580C7B006E2E76 /* Core-Swift.h */ = {isa = PBXFileReference; lastKnownFileType = sourcecode.c.h; name = "Core-Swift.h"; path = "Core/Core-Swift.h"; sourceTree = "<group>"; };
		8DBB44652D580E1C006E2E76 /* Core_Private.h */ = {isa = PBXFileReference; lastKnownFileType = sourcecode.c.h; path = Core_Private.h; sourceTree = "<group>"; };
		8DBB44662D580E1C006E2E76 /* Core-Swift.h */ = {isa = PBXFileReference; lastKnownFileType = sourcecode.c.h; path = "Core-Swift.h"; sourceTree = "<group>"; };
		8DBB44672D580E1C006E2E76 /* module.private.modulemap */ = {isa = PBXFileReference; lastKnownFileType = "sourcecode.module-map"; path = module.private.modulemap; sourceTree = "<group>"; };
/* End PBXFileReference section */

/* Begin PBXGroup section */
		8D386F4A2D54D6AE00FAFA66 /* Development */ = {
			isa = PBXGroup;
			children = (
			);
			path = Development;
			sourceTree = "<group>";
		};
		8D3E9DD02D51219800C21FE0 = {
			isa = PBXGroup;
			children = (
				8DBB44632D580C7B006E2E76 /* Core-Swift.h */,
				8DBB44612D580BF3006E2E76 /* Core_Private.h */,
				8D8E74532D57CC2A00AFB5ED /* OSLogger.h */,
				8DBB445F2D580BB6006E2E76 /* OSLogger.h */,
				8D8E74512D57CBC300AFB5ED /* Core.h */,
				8D41427E2D52355F00FBF58A /* Core */,
				8DB70A0B2D5388D500F71C4B /* Frameworks */,
				8D3E9DDA2D51219800C21FE0 /* Products */,
			);
			sourceTree = "<group>";
		};
		8D3E9DDA2D51219800C21FE0 /* Products */ = {
			isa = PBXGroup;
			children = (
			);
			name = Products;
			sourceTree = "<group>";
		};
		8D3F8D7B2D52464A007E239E /* Logging */ = {
			isa = PBXGroup;
			children = (
			);
			path = Logging;
			sourceTree = "<group>";
		};
		8D3F8D882D5246A3007E239E /* Models */ = {
			isa = PBXGroup;
			children = (
			);
			path = Models;
			sourceTree = "<group>";
		};
		8D3F8D9B2D524700007E239E /* Services */ = {
			isa = PBXGroup;
			children = (
				8D679E322D5686AE0060D84A /* Base */,
				8D679E492D5686AE0060D84A /* Development */,
				8D679E4F2D5686AE0060D84A /* Factory */,
				8D679E572D5686AE0060D84A /* Lifecycle */,
				8D679E5B2D5686AE0060D84A /* Mock */,
				8D386F4A2D54D6AE00FAFA66 /* Development */,
			);
			path = Services;
			sourceTree = "<group>";
		};
		8D4142632D52355F00FBF58A /* Errors */ = {
			isa = PBXGroup;
			children = (
			);
			path = Errors;
			sourceTree = "<group>";
		};
		8D4142732D52355F00FBF58A /* Protocols */ = {
			isa = PBXGroup;
			children = (
			);
			path = Protocols;
			sourceTree = "<group>";
		};
		8D4142742D52355F00FBF58A /* Services */ = {
			isa = PBXGroup;
			children = (
				8DEB6A9E2D5292B300DE8CDE /* Base */,
				8DEB6A9F2D5292B300DE8CDE /* Factory */,
				8DEB6AA02D5292B300DE8CDE /* Lifecycle */,
				8DEB6AA12D5292B300DE8CDE /* Mock */,
			);
			path = Services;
			sourceTree = "<group>";
		};
		8D4142752D52355F00FBF58A /* Sources */ = {
			isa = PBXGroup;
			children = (
				8D3F8D9B2D524700007E239E /* Services */,
				8D3F8D882D5246A3007E239E /* Models */,
				8D3F8D7B2D52464A007E239E /* Logging */,
				8D4142632D52355F00FBF58A /* Errors */,
				8D4142732D52355F00FBF58A /* Protocols */,
				8D4142742D52355F00FBF58A /* Services */,
			);
			path = Sources;
			sourceTree = "<group>";
		};
		8D4142772D52355F00FBF58A /* Mocks */ = {
			isa = PBXGroup;
			children = (
			);
			path = Mocks;
			sourceTree = "<group>";
		};
		8D4142792D52355F00FBF58A /* XPCTests */ = {
			isa = PBXGroup;
			children = (
			);
			path = XPCTests;
			sourceTree = "<group>";
		};
		8D41427A2D52355F00FBF58A /* Tests */ = {
			isa = PBXGroup;
			children = (
				8D4142772D52355F00FBF58A /* Mocks */,
				8D4142792D52355F00FBF58A /* XPCTests */,
			);
			path = Tests;
			sourceTree = "<group>";
		};
		8D41427E2D52355F00FBF58A /* Core */ = {
			isa = PBXGroup;
			children = (
				8DBB44652D580E1C006E2E76 /* Core_Private.h */,
				8DBB44662D580E1C006E2E76 /* Core-Swift.h */,
				8DBB44672D580E1C006E2E76 /* module.private.modulemap */,
				8D41427A2D52355F00FBF58A /* Tests */,
				8D4142752D52355F00FBF58A /* Sources */,
			);
			path = Core;
			sourceTree = "<group>";
		};
		8D679E322D5686AE0060D84A /* Base */ = {
			isa = PBXGroup;
			children = (
			);
			path = Base;
			sourceTree = "<group>";
		};
		8D679E492D5686AE0060D84A /* Development */ = {
			isa = PBXGroup;
			children = (
			);
			path = Development;
			sourceTree = "<group>";
		};
		8D679E4F2D5686AE0060D84A /* Factory */ = {
			isa = PBXGroup;
			children = (
			);
			path = Factory;
			sourceTree = "<group>";
		};
		8D679E572D5686AE0060D84A /* Lifecycle */ = {
			isa = PBXGroup;
			children = (
			);
			path = Lifecycle;
			sourceTree = "<group>";
		};
		8D679E5B2D5686AE0060D84A /* Mock */ = {
			isa = PBXGroup;
			children = (
			);
			path = Mock;
			sourceTree = "<group>";
		};
		8DB70A0B2D5388D500F71C4B /* Frameworks */ = {
			isa = PBXGroup;
			children = (
			);
			name = Frameworks;
			sourceTree = "<group>";
		};
		8DEB6A9E2D5292B300DE8CDE /* Base */ = {
			isa = PBXGroup;
			children = (
			);
			path = Base;
			sourceTree = "<group>";
		};
		8DEB6A9F2D5292B300DE8CDE /* Factory */ = {
			isa = PBXGroup;
			children = (
			);
			path = Factory;
			sourceTree = "<group>";
		};
		8DEB6AA02D5292B300DE8CDE /* Lifecycle */ = {
			isa = PBXGroup;
			children = (
			);
			path = Lifecycle;
			sourceTree = "<group>";
		};
		8DEB6AA12D5292B300DE8CDE /* Mock */ = {
			isa = PBXGroup;
			children = (
			);
			path = Mock;
			sourceTree = "<group>";
		};
/* End PBXGroup section */

/* Begin PBXHeadersBuildPhase section */
		8D3E9FE72D5122C600C21FE0 /* Headers */ = {
			isa = PBXHeadersBuildPhase;
			buildActionMask = 2147483647;
			files = (
				8D8E74522D57CBC300AFB5ED /* Core.h in Headers */,
				8DBB44642D580C7B006E2E76 /* Core-Swift.h in Headers */,
				8D8E74542D57CC2A00AFB5ED /* OSLogger.h in Headers */,
				8DBB44622D580BF3006E2E76 /* Core_Private.h in Headers */,
			);
			runOnlyForDeploymentPostprocessing = 0;
		};
/* End PBXHeadersBuildPhase section */

/* Begin PBXNativeTarget section */
		8D3E9DD82D51219800C21FE0 /* rBUM */ = {
			isa = PBXNativeTarget;
			buildConfigurationList = 8D3E9DFE2D51219900C21FE0 /* Build configuration list for PBXNativeTarget "rBUM" */;
			buildPhases = (
				8D3E9DD52D51219800C21FE0 /* Sources */,
				8D3E9DD72D51219800C21FE0 /* Resources */,
			);
			buildRules = (
			);
			dependencies = (
				8D3EA0002D5122C600C21FE0 /* PBXTargetDependency */,
				8DB70A042D53884000F71C4B /* PBXTargetDependency */,
			);
			name = rBUM;
			packageProductDependencies = (
			);
			productName = rBUM;
			productType = "com.apple.product-type.application";
		};
		8D3E9DE92D51219900C21FE0 /* rBUMTests */ = {
			isa = PBXNativeTarget;
			buildConfigurationList = 8D3E9E012D51219900C21FE0 /* Build configuration list for PBXNativeTarget "rBUMTests" */;
			buildPhases = (
				8D3E9DE62D51219900C21FE0 /* Sources */,
				8D3E9DE82D51219900C21FE0 /* Resources */,
			);
			buildRules = (
			);
			dependencies = (
				8D3E9DEC2D51219900C21FE0 /* PBXTargetDependency */,
			);
			name = rBUMTests;
			packageProductDependencies = (
			);
			productName = rBUMTests;
			productType = "com.apple.product-type.bundle.unit-test";
		};
		8D3E9DF32D51219900C21FE0 /* rBUMUITests */ = {
			isa = PBXNativeTarget;
			buildConfigurationList = 8D3E9E042D51219900C21FE0 /* Build configuration list for PBXNativeTarget "rBUMUITests" */;
			buildPhases = (
				8D3E9DF02D51219900C21FE0 /* Sources */,
				8D3E9DF22D51219900C21FE0 /* Resources */,
			);
			buildRules = (
			);
			dependencies = (
				8D3E9DF62D51219900C21FE0 /* PBXTargetDependency */,
			);
			name = rBUMUITests;
			packageProductDependencies = (
			);
			productName = rBUMUITests;
			productType = "com.apple.product-type.bundle.ui-testing";
		};
		8D3E9FEB2D5122C600C21FE0 /* Core */ = {
			isa = PBXNativeTarget;
			buildConfigurationList = 8D3EA0042D5122C600C21FE0 /* Build configuration list for PBXNativeTarget "Core" */;
			buildPhases = (
				8D3E9FE72D5122C600C21FE0 /* Headers */,
				8D3E9FE82D5122C600C21FE0 /* Sources */,
				8D3E9FEA2D5122C600C21FE0 /* Resources */,
				8DBB446A2D581392006E2E76 /* CopyFiles */,
			);
			buildRules = (
			);
			dependencies = (
			);
			name = Core;
			packageProductDependencies = (
				8D67A59B2D579D0D0060D84A /* Logging */,
			);
			productName = Core;
			productType = "com.apple.product-type.framework";
		};
		8D3E9FF42D5122C600C21FE0 /* CoreTests */ = {
			isa = PBXNativeTarget;
			buildConfigurationList = 8D3EA0082D5122C600C21FE0 /* Build configuration list for PBXNativeTarget "CoreTests" */;
			buildPhases = (
				8D3E9FF12D5122C600C21FE0 /* Sources */,
				8D3E9FF32D5122C600C21FE0 /* Resources */,
			);
			buildRules = (
			);
			dependencies = (
				8D3E9FF82D5122C600C21FE0 /* PBXTargetDependency */,
				8D3E9FFA2D5122C600C21FE0 /* PBXTargetDependency */,
			);
			name = CoreTests;
			packageProductDependencies = (
			);
			productName = CoreTests;
			productType = "com.apple.product-type.bundle.unit-test";
		};
		8DB709F82D53884000F71C4B /* ResticService */ = {
			isa = PBXNativeTarget;
			buildConfigurationList = 8DB70A072D53884000F71C4B /* Build configuration list for PBXNativeTarget "ResticService" */;
			buildPhases = (
				8DB709F52D53884000F71C4B /* Sources */,
				8DB709F72D53884000F71C4B /* Resources */,
			);
			buildRules = (
			);
			dependencies = (
				8DB70A0F2D5388D500F71C4B /* PBXTargetDependency */,
			);
			name = ResticService;
			packageProductDependencies = (
			);
			productName = ResticService;
			productType = "com.apple.product-type.xpc-service";
		};
/* End PBXNativeTarget section */

/* Begin PBXProject section */
		8D3E9DD12D51219800C21FE0 /* Project object */ = {
			isa = PBXProject;
			attributes = {
				BuildIndependentTargetsInParallel = 1;
				LastSwiftUpdateCheck = 1620;
				LastUpgradeCheck = 1620;
				TargetAttributes = {
					8D3E9DD82D51219800C21FE0 = {
						CreatedOnToolsVersion = 16.2;
					};
					8D3E9DE92D51219900C21FE0 = {
						CreatedOnToolsVersion = 16.2;
						TestTargetID = 8D3E9DD82D51219800C21FE0;
					};
					8D3E9DF32D51219900C21FE0 = {
						CreatedOnToolsVersion = 16.2;
						TestTargetID = 8D3E9DD82D51219800C21FE0;
					};
					8D3E9FEB2D5122C600C21FE0 = {
						CreatedOnToolsVersion = 16.2;
					};
					8D3E9FF42D5122C600C21FE0 = {
						CreatedOnToolsVersion = 16.2;
						TestTargetID = 8D3E9DD82D51219800C21FE0;
					};
					8DB709F82D53884000F71C4B = {
						CreatedOnToolsVersion = 16.2;
					};
				};
			};
			buildConfigurationList = 8D3E9DD42D51219800C21FE0 /* Build configuration list for PBXProject "rBUM" */;
			developmentRegion = en;
			hasScannedForEncodings = 0;
			knownRegions = (
				en,
				Base,
			);
			mainGroup = 8D3E9DD02D51219800C21FE0;
			minimizedProjectReferenceProxies = 1;
			packageReferences = (
				8D67A59A2D579D0D0060D84A /* XCRemoteSwiftPackageReference "swift-log" */,
			);
			preferredProjectObjectVersion = 77;
			productRefGroup = 8D3E9DDA2D51219800C21FE0 /* Products */;
			projectDirPath = "";
			projectRoot = "";
			targets = (
				8D3E9DD82D51219800C21FE0 /* rBUM */,
				8D3E9DE92D51219900C21FE0 /* rBUMTests */,
				8D3E9DF32D51219900C21FE0 /* rBUMUITests */,
				8D3E9FEB2D5122C600C21FE0 /* Core */,
				8D3E9FF42D5122C600C21FE0 /* CoreTests */,
				8DB709F82D53884000F71C4B /* ResticService */,
			);
		};
/* End PBXProject section */

/* Begin PBXResourcesBuildPhase section */
		8D3E9DD72D51219800C21FE0 /* Resources */ = {
			isa = PBXResourcesBuildPhase;
			buildActionMask = 2147483647;
			files = (
			);
			runOnlyForDeploymentPostprocessing = 0;
		};
		8D3E9DE82D51219900C21FE0 /* Resources */ = {
			isa = PBXResourcesBuildPhase;
			buildActionMask = 2147483647;
			files = (
			);
			runOnlyForDeploymentPostprocessing = 0;
		};
		8D3E9DF22D51219900C21FE0 /* Resources */ = {
			isa = PBXResourcesBuildPhase;
			buildActionMask = 2147483647;
			files = (
			);
			runOnlyForDeploymentPostprocessing = 0;
		};
		8D3E9FEA2D5122C600C21FE0 /* Resources */ = {
			isa = PBXResourcesBuildPhase;
			buildActionMask = 2147483647;
			files = (
			);
			runOnlyForDeploymentPostprocessing = 0;
		};
		8D3E9FF32D5122C600C21FE0 /* Resources */ = {
			isa = PBXResourcesBuildPhase;
			buildActionMask = 2147483647;
			files = (
			);
			runOnlyForDeploymentPostprocessing = 0;
		};
		8DB709F72D53884000F71C4B /* Resources */ = {
			isa = PBXResourcesBuildPhase;
			buildActionMask = 2147483647;
			files = (
			);
			runOnlyForDeploymentPostprocessing = 0;
		};
/* End PBXResourcesBuildPhase section */

/* Begin PBXSourcesBuildPhase section */
		8D3E9DD52D51219800C21FE0 /* Sources */ = {
			isa = PBXSourcesBuildPhase;
			buildActionMask = 2147483647;
			files = (
			);
			runOnlyForDeploymentPostprocessing = 0;
		};
		8D3E9DE62D51219900C21FE0 /* Sources */ = {
			isa = PBXSourcesBuildPhase;
			buildActionMask = 2147483647;
			files = (
			);
			runOnlyForDeploymentPostprocessing = 0;
		};
		8D3E9DF02D51219900C21FE0 /* Sources */ = {
			isa = PBXSourcesBuildPhase;
			buildActionMask = 2147483647;
			files = (
			);
			runOnlyForDeploymentPostprocessing = 0;
		};
		8D3E9FE82D5122C600C21FE0 /* Sources */ = {
			isa = PBXSourcesBuildPhase;
			buildActionMask = 2147483647;
			files = (
				8D3F8D7C2D52464A007E239E /* (null) in Sources */,
				8D386F4C2D54D6AE00FAFA66 /* (null) in Sources */,
				8D386F4D2D54D6AE00FAFA66 /* (null) in Sources */,
				8D386F4E2D54D6AE00FAFA66 /* (null) in Sources */,
				8D386F4F2D54D6AE00FAFA66 /* (null) in Sources */,
				8D4142952D52355F00FBF58A /* (null) in Sources */,
				8D4142962D52355F00FBF58A /* (null) in Sources */,
				8D4142972D52355F00FBF58A /* (null) in Sources */,
				8D4142982D52355F00FBF58A /* (null) in Sources */,
				8D4142992D52355F00FBF58A /* (null) in Sources */,
				8D41429A2D52355F00FBF58A /* (null) in Sources */,
				8D41429B2D52355F00FBF58A /* (null) in Sources */,
				8D36157E2D53E4F40008675E /* (null) in Sources */,
				8D41429D2D52355F00FBF58A /* (null) in Sources */,
				8D41429F2D52355F00FBF58A /* (null) in Sources */,
				8D4142A02D52355F00FBF58A /* (null) in Sources */,
				8D3F8D892D5246A3007E239E /* (null) in Sources */,
				8D3F8D8A2D5246A3007E239E /* (null) in Sources */,
				8D3F8D8B2D5246A3007E239E /* (null) in Sources */,
				8D3F8D8C2D5246A3007E239E /* (null) in Sources */,
				8D3F8DA72D524FC7007E239E /* (null) in Sources */,
				8D3F8D8D2D5246A3007E239E /* (null) in Sources */,
				8D3F8D8E2D5246A3007E239E /* (null) in Sources */,
				8D3F8D9C2D524700007E239E /* (null) in Sources */,
				8D3F8D9E2D524700007E239E /* (null) in Sources */,
				8D3F8D9F2D524700007E239E /* (null) in Sources */,
				8D386F532D54F08800FAFA66 /* (null) in Sources */,
				8D3F8DA02D524700007E239E /* (null) in Sources */,
				8D3F8DA12D524700007E239E /* (null) in Sources */,
				8D3F8DA22D524700007E239E /* (null) in Sources */,
				8D36157C2D53E2810008675E /* (null) in Sources */,
				8D679E152D5683630060D84A /* (null) in Sources */,
				8D679E162D5683630060D84A /* (null) in Sources */,
				8D679E172D5683630060D84A /* (null) in Sources */,
				8D679E182D5683630060D84A /* (null) in Sources */,
				8D679E192D5683630060D84A /* (null) in Sources */,
				8D679E1A2D5683630060D84A /* (null) in Sources */,
				8D679E1C2D5683630060D84A /* (null) in Sources */,
				8D679E1D2D5683630060D84A /* (null) in Sources */,
				8D679E1E2D5683630060D84A /* (null) in Sources */,
				8D679E1F2D5683630060D84A /* (null) in Sources */,
				8D679E202D5683630060D84A /* (null) in Sources */,
				8D679E212D5683630060D84A /* (null) in Sources */,
				8D679E222D5683630060D84A /* (null) in Sources */,
				8D679E232D5683630060D84A /* (null) in Sources */,
				8D679E242D5683630060D84A /* (null) in Sources */,
				8D3F8DA32D524700007E239E /* (null) in Sources */,
				8D3F8D8F2D5246A3007E239E /* (null) in Sources */,
				8D3F8D902D5246A3007E239E /* (null) in Sources */,
				8D3F8D912D5246A3007E239E /* (null) in Sources */,
				8D3F8D922D5246A3007E239E /* (null) in Sources */,
				8D4142A12D52355F00FBF58A /* (null) in Sources */,
				8D4142A22D52355F00FBF58A /* (null) in Sources */,
				8D4142A32D52355F00FBF58A /* (null) in Sources */,
				8D3615802D53F9510008675E /* (null) in Sources */,
				8D4142A42D52355F00FBF58A /* (null) in Sources */,
				8D4142A52D52355F00FBF58A /* (null) in Sources */,
				8D4142A62D52355F00FBF58A /* (null) in Sources */,
				8D67A0412D5787CB0060D84A /* (null) in Sources */,
				8D4142A72D52355F00FBF58A /* (null) in Sources */,
				8D679E692D5686AE0060D84A /* (null) in Sources */,
				8D679E6A2D5686AE0060D84A /* (null) in Sources */,
				8D679E6C2D5686AE0060D84A /* (null) in Sources */,
				8D679E6D2D5686AE0060D84A /* (null) in Sources */,
				8D679E712D5686AE0060D84A /* (null) in Sources */,
				8D679E732D5686AE0060D84A /* (null) in Sources */,
				8D679E752D5686AE0060D84A /* (null) in Sources */,
				8D679E762D5686AE0060D84A /* (null) in Sources */,
				8D679E782D5686AE0060D84A /* (null) in Sources */,
				8D679E7C2D5686AE0060D84A /* (null) in Sources */,
				8D679E812D5686AE0060D84A /* (null) in Sources */,
				8D679E832D5686AE0060D84A /* (null) in Sources */,
				8D679E842D5686AE0060D84A /* (null) in Sources */,
				8D679E852D5686AE0060D84A /* (null) in Sources */,
				8D679E882D5686AE0060D84A /* (null) in Sources */,
				8D679E8B2D5686AE0060D84A /* (null) in Sources */,
				8D679E8C2D5686AE0060D84A /* (null) in Sources */,
				8D679E8D2D5686AE0060D84A /* (null) in Sources */,
				8D679E8E2D5686AE0060D84A /* (null) in Sources */,
				8D679E8F2D5686AE0060D84A /* (null) in Sources */,
				8D679E912D5686AE0060D84A /* (null) in Sources */,
				8D679E922D5686AE0060D84A /* (null) in Sources */,
				8D679E942D5686AE0060D84A /* (null) in Sources */,
				8D679E952D5686AE0060D84A /* (null) in Sources */,
				8D679E9A2D5686AE0060D84A /* (null) in Sources */,
			);
			runOnlyForDeploymentPostprocessing = 0;
		};
		8D3E9FF12D5122C600C21FE0 /* Sources */ = {
			isa = PBXSourcesBuildPhase;
			buildActionMask = 2147483647;
			files = (
			);
			runOnlyForDeploymentPostprocessing = 0;
		};
		8DB709F52D53884000F71C4B /* Sources */ = {
			isa = PBXSourcesBuildPhase;
			buildActionMask = 2147483647;
			files = (
			);
			runOnlyForDeploymentPostprocessing = 0;
		};
/* End PBXSourcesBuildPhase section */

/* Begin PBXTargetDependency section */
		8D3E9DEC2D51219900C21FE0 /* PBXTargetDependency */ = {
			isa = PBXTargetDependency;
			target = 8D3E9DD82D51219800C21FE0 /* rBUM */;
			targetProxy = 8D8E744D2D57BDB000AFB5ED /* PBXContainerItemProxy */;
		};
		8D3E9DF62D51219900C21FE0 /* PBXTargetDependency */ = {
			isa = PBXTargetDependency;
			target = 8D3E9DD82D51219800C21FE0 /* rBUM */;
			targetProxy = 8D8E744A2D57BDB000AFB5ED /* PBXContainerItemProxy */;
		};
		8D3E9FF82D5122C600C21FE0 /* PBXTargetDependency */ = {
			isa = PBXTargetDependency;
			target = 8D3E9FEB2D5122C600C21FE0 /* Core */;
			targetProxy = 8D8E744B2D57BDB000AFB5ED /* PBXContainerItemProxy */;
		};
		8D3E9FFA2D5122C600C21FE0 /* PBXTargetDependency */ = {
			isa = PBXTargetDependency;
			target = 8D3E9DD82D51219800C21FE0 /* rBUM */;
			targetProxy = 8D8E744C2D57BDB000AFB5ED /* PBXContainerItemProxy */;
		};
		8D3EA0002D5122C600C21FE0 /* PBXTargetDependency */ = {
			isa = PBXTargetDependency;
			target = 8D3E9FEB2D5122C600C21FE0 /* Core */;
			targetProxy = 8D8E744E2D57BDB000AFB5ED /* PBXContainerItemProxy */;
		};
		8DB70A042D53884000F71C4B /* PBXTargetDependency */ = {
			isa = PBXTargetDependency;
			target = 8DB709F82D53884000F71C4B /* ResticService */;
			targetProxy = 8D8E744F2D57BDB000AFB5ED /* PBXContainerItemProxy */;
		};
		8DB70A0F2D5388D500F71C4B /* PBXTargetDependency */ = {
			isa = PBXTargetDependency;
			target = 8D3E9FEB2D5122C600C21FE0 /* Core */;
			targetProxy = 8D8E74502D57BDB000AFB5ED /* PBXContainerItemProxy */;
		};
/* End PBXTargetDependency section */

/* Begin XCBuildConfiguration section */
		8D3E9DFC2D51219900C21FE0 /* Debug */ = {
			isa = XCBuildConfiguration;
			buildSettings = {
				ALWAYS_SEARCH_USER_PATHS = NO;
				ARCHS = arm64;
				ASSETCATALOG_COMPILER_GENERATE_SWIFT_ASSET_SYMBOL_EXTENSIONS = YES;
				CLANG_ANALYZER_NONNULL = YES;
				CLANG_ANALYZER_NUMBER_OBJECT_CONVERSION = YES_AGGRESSIVE;
				CLANG_CXX_LANGUAGE_STANDARD = "gnu++20";
				CLANG_ENABLE_MODULES = YES;
				CLANG_ENABLE_OBJC_ARC = YES;
				CLANG_ENABLE_OBJC_WEAK = YES;
				CLANG_WARN_BLOCK_CAPTURE_AUTORELEASING = YES;
				CLANG_WARN_BOOL_CONVERSION = YES;
				CLANG_WARN_COMMA = YES;
				CLANG_WARN_CONSTANT_CONVERSION = YES;
				CLANG_WARN_DEPRECATED_OBJC_IMPLEMENTATIONS = YES;
				CLANG_WARN_DIRECT_OBJC_ISA_USAGE = YES_ERROR;
				CLANG_WARN_DOCUMENTATION_COMMENTS = YES;
				CLANG_WARN_EMPTY_BODY = YES;
				CLANG_WARN_ENUM_CONVERSION = YES;
				CLANG_WARN_INFINITE_RECURSION = YES;
				CLANG_WARN_INT_CONVERSION = YES;
				CLANG_WARN_NON_LITERAL_NULL_CONVERSION = YES;
				CLANG_WARN_OBJC_IMPLICIT_RETAIN_SELF = YES;
				CLANG_WARN_OBJC_LITERAL_CONVERSION = YES;
				CLANG_WARN_OBJC_ROOT_CLASS = YES_ERROR;
				CLANG_WARN_QUOTED_INCLUDE_IN_FRAMEWORK_HEADER = YES;
				CLANG_WARN_RANGE_LOOP_ANALYSIS = YES;
				CLANG_WARN_STRICT_PROTOTYPES = YES;
				CLANG_WARN_SUSPICIOUS_MOVE = YES;
				CLANG_WARN_UNGUARDED_AVAILABILITY = YES_AGGRESSIVE;
				CLANG_WARN_UNREACHABLE_CODE = YES;
				CLANG_WARN__DUPLICATE_METHOD_MATCH = YES;
				COPY_PHASE_STRIP = NO;
				DEBUG_INFORMATION_FORMAT = dwarf;
				ENABLE_STRICT_OBJC_MSGSEND = YES;
				ENABLE_TESTABILITY = YES;
				ENABLE_USER_SCRIPT_SANDBOXING = YES;
				GCC_C_LANGUAGE_STANDARD = gnu17;
				GCC_DYNAMIC_NO_PIC = NO;
				GCC_NO_COMMON_BLOCKS = YES;
				GCC_OPTIMIZATION_LEVEL = 0;
				GCC_PREPROCESSOR_DEFINITIONS = (
					"DEBUG=1",
					"$(inherited)",
				);
				GCC_WARN_64_TO_32_BIT_CONVERSION = YES;
				GCC_WARN_ABOUT_RETURN_TYPE = YES_ERROR;
				GCC_WARN_UNDECLARED_SELECTOR = YES;
				GCC_WARN_UNINITIALIZED_AUTOS = YES_AGGRESSIVE;
				GCC_WARN_UNUSED_FUNCTION = YES;
				GCC_WARN_UNUSED_VARIABLE = YES;
				LOCALIZATION_PREFERS_STRING_CATALOGS = YES;
				MACOSX_DEPLOYMENT_TARGET = 14.0;
				MTL_ENABLE_DEBUG_INFO = INCLUDE_SOURCE;
				MTL_FAST_MATH = YES;
				ONLY_ACTIVE_ARCH = YES;
				SDKROOT = macosx;
				SWIFT_ACTIVE_COMPILATION_CONDITIONS = "DEBUG $(inherited) ARM64";
				SWIFT_OPTIMIZATION_LEVEL = "-Onone";
				VALID_ARCHS = arm64;
			};
			name = Debug;
		};
		8D3E9DFD2D51219900C21FE0 /* Release */ = {
			isa = XCBuildConfiguration;
			buildSettings = {
				ALWAYS_SEARCH_USER_PATHS = NO;
				ARCHS = arm64;
				ASSETCATALOG_COMPILER_GENERATE_SWIFT_ASSET_SYMBOL_EXTENSIONS = YES;
				CLANG_ANALYZER_NONNULL = YES;
				CLANG_ANALYZER_NUMBER_OBJECT_CONVERSION = YES_AGGRESSIVE;
				CLANG_CXX_LANGUAGE_STANDARD = "gnu++20";
				CLANG_ENABLE_MODULES = YES;
				CLANG_ENABLE_OBJC_ARC = YES;
				CLANG_ENABLE_OBJC_WEAK = YES;
				CLANG_WARN_BLOCK_CAPTURE_AUTORELEASING = YES;
				CLANG_WARN_BOOL_CONVERSION = YES;
				CLANG_WARN_COMMA = YES;
				CLANG_WARN_CONSTANT_CONVERSION = YES;
				CLANG_WARN_DEPRECATED_OBJC_IMPLEMENTATIONS = YES;
				CLANG_WARN_DIRECT_OBJC_ISA_USAGE = YES_ERROR;
				CLANG_WARN_DOCUMENTATION_COMMENTS = YES;
				CLANG_WARN_EMPTY_BODY = YES;
				CLANG_WARN_ENUM_CONVERSION = YES;
				CLANG_WARN_INFINITE_RECURSION = YES;
				CLANG_WARN_INT_CONVERSION = YES;
				CLANG_WARN_NON_LITERAL_NULL_CONVERSION = YES;
				CLANG_WARN_OBJC_IMPLICIT_RETAIN_SELF = YES;
				CLANG_WARN_OBJC_LITERAL_CONVERSION = YES;
				CLANG_WARN_OBJC_ROOT_CLASS = YES_ERROR;
				CLANG_WARN_QUOTED_INCLUDE_IN_FRAMEWORK_HEADER = YES;
				CLANG_WARN_RANGE_LOOP_ANALYSIS = YES;
				CLANG_WARN_STRICT_PROTOTYPES = YES;
				CLANG_WARN_SUSPICIOUS_MOVE = YES;
				CLANG_WARN_UNGUARDED_AVAILABILITY = YES_AGGRESSIVE;
				CLANG_WARN_UNREACHABLE_CODE = YES;
				CLANG_WARN__DUPLICATE_METHOD_MATCH = YES;
				COPY_PHASE_STRIP = NO;
				DEBUG_INFORMATION_FORMAT = "dwarf-with-dsym";
				ENABLE_NS_ASSERTIONS = NO;
				ENABLE_STRICT_OBJC_MSGSEND = YES;
				ENABLE_USER_SCRIPT_SANDBOXING = YES;
				GCC_C_LANGUAGE_STANDARD = gnu17;
				GCC_NO_COMMON_BLOCKS = YES;
				GCC_WARN_64_TO_32_BIT_CONVERSION = YES;
				GCC_WARN_ABOUT_RETURN_TYPE = YES_ERROR;
				GCC_WARN_UNDECLARED_SELECTOR = YES;
				GCC_WARN_UNINITIALIZED_AUTOS = YES_AGGRESSIVE;
				GCC_WARN_UNUSED_FUNCTION = YES;
				GCC_WARN_UNUSED_VARIABLE = YES;
				LOCALIZATION_PREFERS_STRING_CATALOGS = YES;
				MACOSX_DEPLOYMENT_TARGET = 14.0;
				MTL_ENABLE_DEBUG_INFO = NO;
				MTL_FAST_MATH = YES;
				ONLY_ACTIVE_ARCH = NO;
				SDKROOT = macosx;
				SWIFT_COMPILATION_MODE = wholemodule;
				VALID_ARCHS = arm64;
			};
			name = Release;
		};
		8D3E9DFF2D51219900C21FE0 /* Debug */ = {
			isa = XCBuildConfiguration;
			buildSettings = {
				ARCHS = arm64;
				ASSETCATALOG_COMPILER_APPICON_NAME = AppIcon;
				ASSETCATALOG_COMPILER_GLOBAL_ACCENT_COLOR_NAME = AccentColor;
				CODE_SIGN_ENTITLEMENTS = rBUM/rBUM.entitlements;
				"CODE_SIGN_IDENTITY[sdk=macosx*]" = "Apple Development";
				CODE_SIGN_STYLE = Automatic;
				COMBINE_HIDPI_IMAGES = YES;
				CURRENT_PROJECT_VERSION = 1;
				DEFINES_MODULE = YES;
				DEVELOPMENT_ASSET_PATHS = "\"rBUM/Preview Content\"";
				DEVELOPMENT_TEAM = 3865U3A32G;
				ENABLE_HARDENED_RUNTIME = YES;
				ENABLE_MODULE_VERIFIER = YES;
				ENABLE_PREVIEWS = YES;
				GENERATE_INFOPLIST_FILE = YES;
				INFOPLIST_KEY_LSApplicationCategoryType = "public.app-category.developer-tools";
				INFOPLIST_KEY_NSHumanReadableCopyright = "";
				LD_RUNPATH_SEARCH_PATHS = (
					"$(inherited)",
					"@executable_path/../Frameworks",
				);
				MACOSX_DEPLOYMENT_TARGET = 14.0;
				MARKETING_VERSION = 1.0;
				PRODUCT_BUNDLE_IDENTIFIER = dev.mpy.rBUM;
				PRODUCT_NAME = "$(TARGET_NAME)";
				SWIFT_EMIT_LOC_STRINGS = YES;
				SWIFT_VERSION = 5.9.2;
				VALID_ARCHS = arm64;
			};
			name = Debug;
		};
		8D3E9E002D51219900C21FE0 /* Release */ = {
			isa = XCBuildConfiguration;
			buildSettings = {
				ARCHS = arm64;
				ASSETCATALOG_COMPILER_APPICON_NAME = AppIcon;
				ASSETCATALOG_COMPILER_GLOBAL_ACCENT_COLOR_NAME = AccentColor;
				CODE_SIGN_ENTITLEMENTS = rBUM/rBUM.entitlements;
				"CODE_SIGN_IDENTITY[sdk=macosx*]" = "Apple Development";
				CODE_SIGN_STYLE = Automatic;
				COMBINE_HIDPI_IMAGES = YES;
				CURRENT_PROJECT_VERSION = 1;
				DEFINES_MODULE = YES;
				DEVELOPMENT_ASSET_PATHS = "\"rBUM/Preview Content\"";
				DEVELOPMENT_TEAM = 3865U3A32G;
				ENABLE_HARDENED_RUNTIME = YES;
				ENABLE_MODULE_VERIFIER = YES;
				ENABLE_PREVIEWS = YES;
				GENERATE_INFOPLIST_FILE = YES;
				INFOPLIST_KEY_LSApplicationCategoryType = "public.app-category.developer-tools";
				INFOPLIST_KEY_NSHumanReadableCopyright = "";
				LD_RUNPATH_SEARCH_PATHS = (
					"$(inherited)",
					"@executable_path/../Frameworks",
				);
				MACOSX_DEPLOYMENT_TARGET = 14.0;
				MARKETING_VERSION = 1.0;
				PRODUCT_BUNDLE_IDENTIFIER = dev.mpy.rBUM;
				PRODUCT_NAME = "$(TARGET_NAME)";
				SWIFT_EMIT_LOC_STRINGS = YES;
				SWIFT_VERSION = 5.9.2;
				VALID_ARCHS = arm64;
			};
			name = Release;
		};
		8D3E9E022D51219900C21FE0 /* Debug */ = {
			isa = XCBuildConfiguration;
			buildSettings = {
				BUNDLE_LOADER = "$(TEST_HOST)";
				CODE_SIGN_STYLE = Automatic;
				CURRENT_PROJECT_VERSION = 1;
				DEVELOPMENT_TEAM = 3865U3A32G;
				GENERATE_INFOPLIST_FILE = YES;
				MACOSX_DEPLOYMENT_TARGET = 14.0;
				MARKETING_VERSION = 1.0;
				PRODUCT_BUNDLE_IDENTIFIER = dev.mpy.rBUMTests;
				PRODUCT_NAME = "$(TARGET_NAME)";
				SWIFT_EMIT_LOC_STRINGS = NO;
				SWIFT_VERSION = 5.9.2;
				TEST_HOST = "$(BUILT_PRODUCTS_DIR)/rBUM.app/$(BUNDLE_EXECUTABLE_FOLDER_PATH)/rBUM";
			};
			name = Debug;
		};
		8D3E9E032D51219900C21FE0 /* Release */ = {
			isa = XCBuildConfiguration;
			buildSettings = {
				BUNDLE_LOADER = "$(TEST_HOST)";
				CODE_SIGN_STYLE = Automatic;
				CURRENT_PROJECT_VERSION = 1;
				DEVELOPMENT_TEAM = 3865U3A32G;
				GENERATE_INFOPLIST_FILE = YES;
				MACOSX_DEPLOYMENT_TARGET = 14.0;
				MARKETING_VERSION = 1.0;
				PRODUCT_BUNDLE_IDENTIFIER = dev.mpy.rBUMTests;
				PRODUCT_NAME = "$(TARGET_NAME)";
				SWIFT_EMIT_LOC_STRINGS = NO;
				SWIFT_VERSION = 5.9.2;
				TEST_HOST = "$(BUILT_PRODUCTS_DIR)/rBUM.app/$(BUNDLE_EXECUTABLE_FOLDER_PATH)/rBUM";
			};
			name = Release;
		};
		8D3E9E052D51219900C21FE0 /* Debug */ = {
			isa = XCBuildConfiguration;
			buildSettings = {
				CODE_SIGN_STYLE = Automatic;
				CURRENT_PROJECT_VERSION = 1;
				DEVELOPMENT_TEAM = 3865U3A32G;
				GENERATE_INFOPLIST_FILE = YES;
				MACOSX_DEPLOYMENT_TARGET = 14.0;
				MARKETING_VERSION = 1.0;
				PRODUCT_BUNDLE_IDENTIFIER = dev.mpy.rBUMUITests;
				PRODUCT_NAME = "$(TARGET_NAME)";
				SWIFT_EMIT_LOC_STRINGS = NO;
				SWIFT_VERSION = 5.9.2;
				TEST_TARGET_NAME = rBUM;
			};
			name = Debug;
		};
		8D3E9E062D51219900C21FE0 /* Release */ = {
			isa = XCBuildConfiguration;
			buildSettings = {
				CODE_SIGN_STYLE = Automatic;
				CURRENT_PROJECT_VERSION = 1;
				DEVELOPMENT_TEAM = 3865U3A32G;
				GENERATE_INFOPLIST_FILE = YES;
				MACOSX_DEPLOYMENT_TARGET = 14.0;
				MARKETING_VERSION = 1.0;
				PRODUCT_BUNDLE_IDENTIFIER = dev.mpy.rBUMUITests;
				PRODUCT_NAME = "$(TARGET_NAME)";
				SWIFT_EMIT_LOC_STRINGS = NO;
				SWIFT_VERSION = 5.9.2;
				TEST_TARGET_NAME = rBUM;
			};
			name = Release;
		};
		8D3EA0052D5122C600C21FE0 /* Debug */ = {
			isa = XCBuildConfiguration;
			buildSettings = {
				ARCHS = arm64;
				BUILD_LIBRARY_FOR_DISTRIBUTION = YES;
				CODE_SIGN_STYLE = Automatic;
				COMBINE_HIDPI_IMAGES = YES;
				CURRENT_PROJECT_VERSION = 1;
				DEFINES_MODULE = YES;
				DEVELOPMENT_TEAM = 3865U3A32G;
				DYLIB_COMPATIBILITY_VERSION = 1;
				DYLIB_CURRENT_VERSION = 1;
				DYLIB_INSTALL_NAME_BASE = "@rpath";
				ENABLE_MODULE_VERIFIER = YES;
				GENERATE_INFOPLIST_FILE = YES;
				"HEADER_SEARCH_PATHS[arch=*]" = "$(SRCROOT)/Core/Sources/**";
				INFOPLIST_KEY_NSHumanReadableCopyright = "";
				INSTALL_PATH = "$(LOCAL_LIBRARY_DIR)/Frameworks";
				LD_RUNPATH_SEARCH_PATHS = (
					"$(inherited)",
					"@executable_path/../Frameworks",
					"@loader_path/Frameworks",
				);
				MACOSX_DEPLOYMENT_TARGET = 14.0;
				MARKETING_VERSION = 1.0;
				"MODULEMAP_FILE[sdk=*]" = "$(SRCROOT)/Core/module.modulemap";
				"MODULEMAP_PRIVATE_FILE[sdk=*]" = /Users/mpy/CascadeProjects/rBUM/Core/module.private.modulemap;
				MODULE_VERIFIER_SUPPORTED_LANGUAGES = "objective-c objective-c++";
				MODULE_VERIFIER_SUPPORTED_LANGUAGE_STANDARDS = "gnu17 gnu++20";
				PRODUCT_BUNDLE_IDENTIFIER = dev.mpy.Core;
				PRODUCT_NAME = "$(TARGET_NAME:c99extidentifier)";
				PUBLIC_HEADERS_FOLDER_PATH = "$(CONTENTS_FOLDER_PATH)/Headers";
				RUN_DOCUMENTATION_COMPILER = YES;
				SKIP_INSTALL = YES;
				SWIFT_EMIT_LOC_STRINGS = YES;
				SWIFT_INSTALL_OBJC_HEADER = NO;
				SWIFT_VERSION = 5.9.2;
				VALID_ARCHS = arm64;
				VERSIONING_SYSTEM = "apple-generic";
				VERSION_INFO_PREFIX = "";
			};
			name = Debug;
		};
		8D3EA0062D5122C600C21FE0 /* Release */ = {
			isa = XCBuildConfiguration;
			buildSettings = {
				ARCHS = arm64;
				BUILD_LIBRARY_FOR_DISTRIBUTION = YES;
				CODE_SIGN_STYLE = Automatic;
				COMBINE_HIDPI_IMAGES = YES;
				CURRENT_PROJECT_VERSION = 1;
				DEFINES_MODULE = YES;
				DEVELOPMENT_TEAM = 3865U3A32G;
				DYLIB_COMPATIBILITY_VERSION = 1;
				DYLIB_CURRENT_VERSION = 1;
				DYLIB_INSTALL_NAME_BASE = "@rpath";
				ENABLE_MODULE_VERIFIER = YES;
				GENERATE_INFOPLIST_FILE = YES;
				"HEADER_SEARCH_PATHS[arch=*]" = "$(SRCROOT)/Core/Sources/**";
				INFOPLIST_KEY_NSHumanReadableCopyright = "";
				INSTALL_PATH = "$(LOCAL_LIBRARY_DIR)/Frameworks";
				LD_RUNPATH_SEARCH_PATHS = (
					"$(inherited)",
					"@executable_path/../Frameworks",
					"@loader_path/Frameworks",
				);
				MACOSX_DEPLOYMENT_TARGET = 14.0;
				MARKETING_VERSION = 1.0;
				"MODULEMAP_FILE[sdk=*]" = "$(SRCROOT)/Core/module.modulemap";
				"MODULEMAP_PRIVATE_FILE[sdk=*]" = /Users/mpy/CascadeProjects/rBUM/Core/module.private.modulemap;
				MODULE_VERIFIER_SUPPORTED_LANGUAGES = "objective-c objective-c++";
				MODULE_VERIFIER_SUPPORTED_LANGUAGE_STANDARDS = "gnu17 gnu++20";
				PRODUCT_BUNDLE_IDENTIFIER = dev.mpy.Core;
				PRODUCT_NAME = "$(TARGET_NAME:c99extidentifier)";
				PUBLIC_HEADERS_FOLDER_PATH = "$(CONTENTS_FOLDER_PATH)/Headers";
				RUN_DOCUMENTATION_COMPILER = YES;
				SKIP_INSTALL = YES;
				SWIFT_EMIT_LOC_STRINGS = YES;
				SWIFT_INSTALL_OBJC_HEADER = NO;
				SWIFT_VERSION = 5.9.2;
				VALID_ARCHS = arm64;
				VERSIONING_SYSTEM = "apple-generic";
				VERSION_INFO_PREFIX = "";
			};
			name = Release;
		};
		8D3EA0092D5122C600C21FE0 /* Debug */ = {
			isa = XCBuildConfiguration;
			buildSettings = {
				CODE_SIGN_STYLE = Automatic;
				CURRENT_PROJECT_VERSION = 1;
				DEVELOPMENT_TEAM = 3865U3A32G;
				GENERATE_INFOPLIST_FILE = YES;
				MACOSX_DEPLOYMENT_TARGET = 14.0;
				MARKETING_VERSION = 1.0;
				PRODUCT_BUNDLE_IDENTIFIER = dev.mpy.CoreTests;
				PRODUCT_NAME = "$(TARGET_NAME)";
				SWIFT_EMIT_LOC_STRINGS = NO;
				SWIFT_VERSION = 5.9.2;
				TEST_HOST = "$(BUILT_PRODUCTS_DIR)/rBUM.app/$(BUNDLE_EXECUTABLE_FOLDER_PATH)/rBUM";
			};
			name = Debug;
		};
		8D3EA00A2D5122C600C21FE0 /* Release */ = {
			isa = XCBuildConfiguration;
			buildSettings = {
				CODE_SIGN_STYLE = Automatic;
				CURRENT_PROJECT_VERSION = 1;
				DEVELOPMENT_TEAM = 3865U3A32G;
				GENERATE_INFOPLIST_FILE = YES;
				MACOSX_DEPLOYMENT_TARGET = 14.0;
				MARKETING_VERSION = 1.0;
				PRODUCT_BUNDLE_IDENTIFIER = dev.mpy.CoreTests;
				PRODUCT_NAME = "$(TARGET_NAME)";
				SWIFT_EMIT_LOC_STRINGS = NO;
				SWIFT_VERSION = 5.9.2;
				TEST_HOST = "$(BUILT_PRODUCTS_DIR)/rBUM.app/$(BUNDLE_EXECUTABLE_FOLDER_PATH)/rBUM";
			};
			name = Release;
		};
		8DB70A082D53884000F71C4B /* Debug */ = {
			isa = XCBuildConfiguration;
			buildSettings = {
				ARCHS = arm64;
				CODE_SIGN_ENTITLEMENTS = ResticService/ResticService.entitlements;
				CODE_SIGN_STYLE = Automatic;
				COMBINE_HIDPI_IMAGES = YES;
				CURRENT_PROJECT_VERSION = 1;
				DEVELOPMENT_TEAM = 3865U3A32G;
				ENABLE_HARDENED_RUNTIME = YES;
				GENERATE_INFOPLIST_FILE = YES;
				INFOPLIST_FILE = ResticService/Info.plist;
				INFOPLIST_KEY_CFBundleDisplayName = ResticService;
				INFOPLIST_KEY_NSHumanReadableCopyright = "";
				MACOSX_DEPLOYMENT_TARGET = 14.0;
				MARKETING_VERSION = 1.0;
				PRODUCT_BUNDLE_IDENTIFIER = dev.mpy.ResticService;
				PRODUCT_NAME = "$(TARGET_NAME)";
				SKIP_INSTALL = YES;
				SWIFT_EMIT_LOC_STRINGS = YES;
				SWIFT_VERSION = 5.9.2;
				VALID_ARCHS = arm64;
			};
			name = Debug;
		};
		8DB70A092D53884000F71C4B /* Release */ = {
			isa = XCBuildConfiguration;
			buildSettings = {
				ARCHS = arm64;
				CODE_SIGN_ENTITLEMENTS = ResticService/ResticService.entitlements;
				CODE_SIGN_STYLE = Automatic;
				COMBINE_HIDPI_IMAGES = YES;
				CURRENT_PROJECT_VERSION = 1;
				DEVELOPMENT_TEAM = 3865U3A32G;
				ENABLE_HARDENED_RUNTIME = YES;
				GENERATE_INFOPLIST_FILE = YES;
				INFOPLIST_FILE = ResticService/Info.plist;
				INFOPLIST_KEY_CFBundleDisplayName = ResticService;
				INFOPLIST_KEY_NSHumanReadableCopyright = "";
				MACOSX_DEPLOYMENT_TARGET = 14.0;
				MARKETING_VERSION = 1.0;
				PRODUCT_BUNDLE_IDENTIFIER = dev.mpy.ResticService;
				PRODUCT_NAME = "$(TARGET_NAME)";
				SKIP_INSTALL = YES;
				SWIFT_EMIT_LOC_STRINGS = YES;
				SWIFT_VERSION = 5.9.2;
				VALID_ARCHS = arm64;
			};
			name = Release;
		};
/* End XCBuildConfiguration section */

/* Begin XCConfigurationList section */
		8D3E9DD42D51219800C21FE0 /* Build configuration list for PBXProject "rBUM" */ = {
			isa = XCConfigurationList;
			buildConfigurations = (
				8D3E9DFC2D51219900C21FE0 /* Debug */,
				8D3E9DFD2D51219900C21FE0 /* Release */,
			);
			defaultConfigurationIsVisible = 0;
			defaultConfigurationName = Release;
		};
		8D3E9DFE2D51219900C21FE0 /* Build configuration list for PBXNativeTarget "rBUM" */ = {
			isa = XCConfigurationList;
			buildConfigurations = (
				8D3E9DFF2D51219900C21FE0 /* Debug */,
				8D3E9E002D51219900C21FE0 /* Release */,
			);
			defaultConfigurationIsVisible = 0;
			defaultConfigurationName = Release;
		};
		8D3E9E012D51219900C21FE0 /* Build configuration list for PBXNativeTarget "rBUMTests" */ = {
			isa = XCConfigurationList;
			buildConfigurations = (
				8D3E9E022D51219900C21FE0 /* Debug */,
				8D3E9E032D51219900C21FE0 /* Release */,
			);
			defaultConfigurationIsVisible = 0;
			defaultConfigurationName = Release;
		};
		8D3E9E042D51219900C21FE0 /* Build configuration list for PBXNativeTarget "rBUMUITests" */ = {
			isa = XCConfigurationList;
			buildConfigurations = (
				8D3E9E052D51219900C21FE0 /* Debug */,
				8D3E9E062D51219900C21FE0 /* Release */,
			);
			defaultConfigurationIsVisible = 0;
			defaultConfigurationName = Release;
		};
		8D3EA0042D5122C600C21FE0 /* Build configuration list for PBXNativeTarget "Core" */ = {
			isa = XCConfigurationList;
			buildConfigurations = (
				8D3EA0052D5122C600C21FE0 /* Debug */,
				8D3EA0062D5122C600C21FE0 /* Release */,
			);
			defaultConfigurationIsVisible = 0;
			defaultConfigurationName = Release;
		};
		8D3EA0082D5122C600C21FE0 /* Build configuration list for PBXNativeTarget "CoreTests" */ = {
			isa = XCConfigurationList;
			buildConfigurations = (
				8D3EA0092D5122C600C21FE0 /* Debug */,
				8D3EA00A2D5122C600C21FE0 /* Release */,
			);
			defaultConfigurationIsVisible = 0;
			defaultConfigurationName = Release;
		};
		8DB70A072D53884000F71C4B /* Build configuration list for PBXNativeTarget "ResticService" */ = {
			isa = XCConfigurationList;
			buildConfigurations = (
				8DB70A082D53884000F71C4B /* Debug */,
				8DB70A092D53884000F71C4B /* Release */,
			);
			defaultConfigurationIsVisible = 0;
			defaultConfigurationName = Release;
		};
/* End XCConfigurationList section */

/* Begin XCRemoteSwiftPackageReference section */
		8D67A59A2D579D0D0060D84A /* XCRemoteSwiftPackageReference "swift-log" */ = {
			isa = XCRemoteSwiftPackageReference;
			repositoryURL = "https://github.com/apple/swift-log.git";
			requirement = {
				kind = upToNextMajorVersion;
				minimumVersion = 1.6.2;
			};
		};
/* End XCRemoteSwiftPackageReference section */

/* Begin XCSwiftPackageProductDependency section */
		8D67A59B2D579D0D0060D84A /* Logging */ = {
			isa = XCSwiftPackageProductDependency;
			package = 8D67A59A2D579D0D0060D84A /* XCRemoteSwiftPackageReference "swift-log" */;
			productName = Logging;
		};
/* End XCSwiftPackageProductDependency section */
	};
	rootObject = 8D3E9DD12D51219800C21FE0 /* Project object */;
}
